
Microsoft Visual Studio Solution File, Format Version 10.00
# Visual Studio 2008
Project("{8BC9CEB8-8B4A-11D0-8D11-00A0C91BC942}") = "SyncMan", "..\..\Cscl3DWS\SyncMan\SyncMan_2008.vcproj", "{2DC710CB-DD40-4C5E-824E-DC79A8122E86}"
	ProjectSection(ProjectDependencies) = postProject
		{3060942A-845A-42A0-895C-97524F11B16A} = {3060942A-845A-42A0-895C-97524F11B16A}
	EndProjectSection
EndProject
Project("{8BC9CEB8-8B4A-11D0-8D11-00A0C91BC942}") = "RenderManager", "..\..\Cscl3DWS\RenderManager\RenderManager_2008.vcproj", "{9BA5FE88-20C2-4A68-9E8E-160E27D2AF80}"
	ProjectSection(ProjectDependencies) = postProject
		{B76A2B0A-A693-4AC4-9E6F-130C1E55C25B} = {B76A2B0A-A693-4AC4-9E6F-130C1E55C25B}
		{62F13014-8153-47EA-8D87-FB1051C1DCFB} = {62F13014-8153-47EA-8D87-FB1051C1DCFB}
		{4E774714-2DF7-40A3-9DF7-D93A12106040} = {4E774714-2DF7-40A3-9DF7-D93A12106040}
		{C3C92529-222E-4BFB-AABC-BA4FDBDA5456} = {C3C92529-222E-4BFB-AABC-BA4FDBDA5456}
		{9BBCC539-C848-43D0-95B4-58BF95E99216} = {9BBCC539-C848-43D0-95B4-58BF95E99216}
		{F0B3E642-1571-478E-8801-B3498C2B82D6} = {F0B3E642-1571-478E-8801-B3498C2B82D6}
		{34154453-2680-403D-9E1A-14055C20EBBA} = {34154453-2680-403D-9E1A-14055C20EBBA}
		{429A1A5B-ADBF-4D7A-B056-D233AFC29F7C} = {429A1A5B-ADBF-4D7A-B056-D233AFC29F7C}
		{528A1A5E-ADBF-4D7A-B056-D233AFC29F7C} = {528A1A5E-ADBF-4D7A-B056-D233AFC29F7C}
		{98244F8C-A3BB-4112-B14C-975093F4A139} = {98244F8C-A3BB-4112-B14C-975093F4A139}
		{0270A297-5BC7-4C75-9B9E-ED89623E3FB4} = {0270A297-5BC7-4C75-9B9E-ED89623E3FB4}
		{9AA05CB1-0288-424F-BD9D-3B36073FC00F} = {9AA05CB1-0288-424F-BD9D-3B36073FC00F}
		{D49527C2-9C97-4EF2-AECA-27088598C902} = {D49527C2-9C97-4EF2-AECA-27088598C902}
		{1F0B13C6-1C8F-44C4-9F8F-C48B1AFF0A95} = {1F0B13C6-1C8F-44C4-9F8F-C48B1AFF0A95}
		{2DC710CB-DD40-4C5E-824E-DC79A8122E86} = {2DC710CB-DD40-4C5E-824E-DC79A8122E86}
		{D2B854CC-1D97-47CA-BB33-38B2E0E82BEB} = {D2B854CC-1D97-47CA-BB33-38B2E0E82BEB}
		{17C22ED1-220D-4F69-85F0-8A86B5FBE976} = {17C22ED1-220D-4F69-85F0-8A86B5FBE976}
		{7BBCC5D9-C848-43D0-95B4-58BF95E99216} = {7BBCC5D9-C848-43D0-95B4-58BF95E99216}
		{CCDDBCDC-4DAE-4CCB-BCCE-E5A3633A4B39} = {CCDDBCDC-4DAE-4CCB-BCCE-E5A3633A4B39}
		{781B20F3-F4B2-4DF6-8B2B-4CCAE1A8437D} = {781B20F3-F4B2-4DF6-8B2B-4CCAE1A8437D}
	EndProjectSection
EndProject
Project("{8BC9CEB8-8B4A-11D0-8D11-00A0C91BC942}") = "ResLoader", "..\..\Cscl3DWS\ResLoader\ResLoader_2008.vcproj", "{34154453-2680-403D-9E1A-14055C20EBBA}"
	ProjectSection(ProjectDependencies) = postProject
		{3060942A-845A-42A0-895C-97524F11B16A} = {3060942A-845A-42A0-895C-97524F11B16A}
	EndProjectSection
EndProject
Project("{8BC9CEB8-8B4A-11D0-8D11-00A0C91BC942}") = "BigFileMan", "..\..\bigFileMan\BigFileMan_2008.vcproj", "{B615C4F3-2AAF-43CD-82AE-79F8A839B7C2}"
EndProject
Project("{8BC9CEB8-8B4A-11D0-8D11-00A0C91BC942}") = "ComMan", "..\..\ComMan\ComMan_vc2008.vcproj", "{3060942A-845A-42A0-895C-97524F11B16A}"
	ProjectSection(ProjectDependencies) = postProject
		{B76A2B0A-A693-4AC4-9E6F-130C1E55C25B} = {B76A2B0A-A693-4AC4-9E6F-130C1E55C25B}
		{C3C92529-222E-4BFB-AABC-BA4FDBDA5456} = {C3C92529-222E-4BFB-AABC-BA4FDBDA5456}
		{B84F7231-16CE-41D8-8C08-7B523FF4225B} = {B84F7231-16CE-41D8-8C08-7B523FF4225B}
		{B2A7219A-6B9B-4B04-8EF7-13357DD8AB4D} = {B2A7219A-6B9B-4B04-8EF7-13357DD8AB4D}
		{40AC89EA-CE65-467A-8BC2-4568F05AB791} = {40AC89EA-CE65-467A-8BC2-4568F05AB791}
		{781B20F3-F4B2-4DF6-8B2B-4CCAE1A8437D} = {781B20F3-F4B2-4DF6-8B2B-4CCAE1A8437D}
		{B615C4F3-2AAF-43CD-82AE-79F8A839B7C2} = {B615C4F3-2AAF-43CD-82AE-79F8A839B7C2}
		{70A70DFD-6FB5-4300-895E-5FB26DE7AED7} = {70A70DFD-6FB5-4300-895E-5FB26DE7AED7}
	EndProjectSection
EndProject
Project("{8BC9CEB8-8B4A-11D0-8D11-00A0C91BC942}") = "rtl_2008", "..\..\rtl\rtl_2008.vcproj", "{B76A2B0A-A693-4AC4-9E6F-130C1E55C25B}"
EndProject
Project("{8BC9CEB8-8B4A-11D0-8D11-00A0C91BC942}") = "Cscl3DWS", "..\..\Cscl3DWS\Cscl3DWS_2008.vcproj", "{74DDC65C-6D07-45AF-BB43-F0677203B114}"
	ProjectSection(ProjectDependencies) = postProject
		{9BA5FE88-20C2-4A68-9E8E-160E27D2AF80} = {9BA5FE88-20C2-4A68-9E8E-160E27D2AF80}
	EndProjectSection
EndProject
Project("{8BC9CEB8-8B4A-11D0-8D11-00A0C91BC942}") = "nanimation", "..\nanimation\nanimation_2008.vcproj", "{429A1A5B-ADBF-4D7A-B056-D233AFC29F7C}"
EndProject
Project("{8BC9CEB8-8B4A-11D0-8D11-00A0C91BC942}") = "ncommon", "..\ncommon\ncommon_2008.vcproj", "{F0B3E642-1571-478E-8801-B3498C2B82D6}"
EndProject
Project("{8BC9CEB8-8B4A-11D0-8D11-00A0C91BC942}") = "nengine", "..\nengine\nengine_2008.vcproj", "{CCDDBCDC-4DAE-4CCB-BCCE-E5A3633A4B39}"
EndProject
Project("{8BC9CEB8-8B4A-11D0-8D11-00A0C91BC942}") = "ninfo", "..\ninfo\ninfo_2008.vcproj", "{4E774714-2DF7-40A3-9DF7-D93A12106040}"
EndProject
Project("{8BC9CEB8-8B4A-11D0-8D11-00A0C91BC942}") = "nmath", "..\nmath\nmath_2008.vcproj", "{7BBCC5D9-C848-43D0-95B4-58BF95E99216}"
EndProject
Project("{8BC9CEB8-8B4A-11D0-8D11-00A0C91BC942}") = "nmodelloader", "..\nmodelloader\nmodelloader_2008.vcproj", "{62F13014-8153-47EA-8D87-FB1051C1DCFB}"
EndProject
Project("{8BC9CEB8-8B4A-11D0-8D11-00A0C91BC942}") = "nphysics", "..\nphysics\nphysics_2008.vcproj", "{98244F8C-A3BB-4112-B14C-975093F4A139}"
EndProject
Project("{8BC9CEB8-8B4A-11D0-8D11-00A0C91BC942}") = "nrendertarget", "..\nrendertarget\nrendertarget_2008.vcproj", "{528A1A5E-ADBF-4D7A-B056-D233AFC29F7C}"
EndProject
Project("{8BC9CEB8-8B4A-11D0-8D11-00A0C91BC942}") = "ntexture", "..\ntexture\ntexture_2008.vcproj", "{9BBCC539-C848-43D0-95B4-58BF95E99216}"
EndProject
Project("{8BC9CEB8-8B4A-11D0-8D11-00A0C91BC942}") = "LogWriter", "..\..\LogWriter\LogWriter_2008.vcproj", "{40AC89EA-CE65-467A-8BC2-4568F05AB791}"
EndProject
Project("{8BC9CEB8-8B4A-11D0-8D11-00A0C91BC942}") = "rmml", "..\..\Cscl3DWS\rmml\rmml_2008.vcproj", "{1F0B13C6-1C8F-44C4-9F8F-C48B1AFF0A95}"
EndProject
Project("{8BC9CEB8-8B4A-11D0-8D11-00A0C91BC942}") = "mdump", "..\..\mdump\mdump_2008.vcproj", "{781B20F3-F4B2-4DF6-8B2B-4CCAE1A8437D}"
EndProject
Project("{8BC9CEB8-8B4A-11D0-8D11-00A0C91BC942}") = "audiere", "..\..\audiere\vc9\audiere\audiere.vcproj", "{E5195361-63CD-4C1B-8DD7-3E579779B1F6}"
EndProject
Project("{8BC9CEB8-8B4A-11D0-8D11-00A0C91BC942}") = "cal3d", "..\..\Cal3D\cal3d_2008.vcproj", "{D49527C2-9C97-4EF2-AECA-27088598C902}"
	ProjectSection(ProjectDependencies) = postProject
		{B76A2B0A-A693-4AC4-9E6F-130C1E55C25B} = {B76A2B0A-A693-4AC4-9E6F-130C1E55C25B}
		{C3C92529-222E-4BFB-AABC-BA4FDBDA5456} = {C3C92529-222E-4BFB-AABC-BA4FDBDA5456}
		{781B20F3-F4B2-4DF6-8B2B-4CCAE1A8437D} = {781B20F3-F4B2-4DF6-8B2B-4CCAE1A8437D}
	EndProjectSection
EndProject
Project("{8BC9CEB8-8B4A-11D0-8D11-00A0C91BC942}") = "VacademiaReport", "..\..\CrashReport\CrashReport.vcproj", "{D9EC16F9-5BF3-4CC2-AFB7-4B2169ED4ACF}"
EndProject
Project("{8BC9CEB8-8B4A-11D0-8D11-00A0C91BC942}") = "json_spirit2", "..\..\json_spirit2\json_spirit2_2008.vcproj", "{B84F7231-16CE-41D8-8C08-7B523FF4225B}"
EndProject
Project("{8BC9CEB8-8B4A-11D0-8D11-00A0C91BC942}") = "desktopMan", "..\..\DesktopMan\desktopMan_2008.vcproj", "{3B54895F-4C38-4A5B-9A63-0AF78E03FF7F}"
	ProjectSection(ProjectDependencies) = postProject
		{3F58AE85-7938-4FB9-8691-A99F32CBE366} = {3F58AE85-7938-4FB9-8691-A99F32CBE366}
	EndProjectSection
EndProject
Project("{8BC9CEB8-8B4A-11D0-8D11-00A0C91BC942}") = "InfoMan", "..\..\Cscl3DWS\InfoMan\InfoMan_2008.vcproj", "{2C5E5D6E-67FB-4F7C-B64F-57CB9F6472A1}"
	ProjectSection(ProjectDependencies) = postProject
		{D49527C2-9C97-4EF2-AECA-27088598C902} = {D49527C2-9C97-4EF2-AECA-27088598C902}
	EndProjectSection
EndProject
Project("{8BC9CEB8-8B4A-11D0-8D11-00A0C91BC942}") = "Logger", "..\..\Logger\Logger_2008.vcproj", "{70A70DFD-6FB5-4300-895E-5FB26DE7AED7}"
EndProject
Project("{8BC9CEB8-8B4A-11D0-8D11-00A0C91BC942}") = "OMSPlayer", "..\..\OmsPLayer\OMSPlayer_2008.vcproj", "{0078B45C-F736-4557-8DE3-6FB76BA5FDE0}"
	ProjectSection(ProjectDependencies) = postProject
		{74DDC65C-6D07-45AF-BB43-F0677203B114} = {74DDC65C-6D07-45AF-BB43-F0677203B114}
		{3B54895F-4C38-4A5B-9A63-0AF78E03FF7F} = {3B54895F-4C38-4A5B-9A63-0AF78E03FF7F}
		{2C5E5D6E-67FB-4F7C-B64F-57CB9F6472A1} = {2C5E5D6E-67FB-4F7C-B64F-57CB9F6472A1}
		{781B20F3-F4B2-4DF6-8B2B-4CCAE1A8437D} = {781B20F3-F4B2-4DF6-8B2B-4CCAE1A8437D}
	EndProjectSection
EndProject
Project("{8BC9CEB8-8B4A-11D0-8D11-00A0C91BC942}") = "PathRefiner", "..\..\PathRefiner\PathRefiner_2008.vcproj", "{B2A7219A-6B9B-4B04-8EF7-13357DD8AB4D}"
EndProject
Project("{8BC9CEB8-8B4A-11D0-8D11-00A0C91BC942}") = "ServiceMan_2008", "..\..\Cscl3DWS\ServiceMan\ServiceMan_2008.vcproj", "{17C22ED1-220D-4F69-85F0-8A86B5FBE976}"
	ProjectSection(ProjectDependencies) = postProject
		{3060942A-845A-42A0-895C-97524F11B16A} = {3060942A-845A-42A0-895C-97524F11B16A}
	EndProjectSection
EndProject
Project("{8BC9CEB8-8B4A-11D0-8D11-00A0C91BC942}") = "updaterDll", "..\..\updaterDll\updaterDll_2008.vcproj", "{FE9AA165-B26F-4D00-8044-5BCB2FBC7ECA}"
EndProject
Project("{8BC9CEB8-8B4A-11D0-8D11-00A0C91BC942}") = "WebCameraGraber", "..\..\DesktopMan\WebCamGrabber\RTSampleDevice_2008.vcproj", "{3F58AE85-7938-4FB9-8691-A99F32CBE366}"
EndProject
Project("{8BC9CEB8-8B4A-11D0-8D11-00A0C91BC942}") = "VoipManAudioCapture_2008", "..\..\Voip\AudioCapture\AudioCapture_2008.vcproj", "{D2B854CC-1D97-47CA-BB33-38B2E0E82BEB}"
EndProject
Project("{8BC9CEB8-8B4A-11D0-8D11-00A0C91BC942}") = "SoundMan", "..\..\SoundMan\SoundMan_2008.vcproj", "{0270A297-5BC7-4C75-9B9E-ED89623E3FB4}"
	ProjectSection(ProjectDependencies) = postProject
		{E5195361-63CD-4C1B-8DD7-3E579779B1F6} = {E5195361-63CD-4C1B-8DD7-3E579779B1F6}
		{781B20F3-F4B2-4DF6-8B2B-4CCAE1A8437D} = {781B20F3-F4B2-4DF6-8B2B-4CCAE1A8437D}
	EndProjectSection
EndProject
Project("{8BC9CEB8-8B4A-11D0-8D11-00A0C91BC942}") = "nmemoryprofiler", "..\..\nmemoryprofiler\nmemoryprofiler_2008.vcproj", "{C3C92529-222E-4BFB-AABC-BA4FDBDA5456}"
	ProjectSection(ProjectDependencies) = postProject
		{40AC89EA-CE65-467A-8BC2-4568F05AB791} = {40AC89EA-CE65-467A-8BC2-4568F05AB791}
	EndProjectSection
EndProject
Project("{8BC9CEB8-8B4A-11D0-8D11-00A0C91BC942}") = "video", "..\plugins\video\video_2008.vcproj", "{4E774715-2DF7-40A3-9DF7-D93A12106040}"
EndProject
Project("{8BC9CEB8-8B4A-11D0-8D11-00A0C91BC942}") = "VASEncoder", "..\..\VASEncoder\VASEncoder_2008.vcproj", "{33CE6C02-5719-4A1D-85D2-509D44B63322}"
EndProject
Project("{8BC9CEB8-8B4A-11D0-8D11-00A0C91BC942}") = "Launcher", "..\..\Launcher\Launcher_2008.vcproj", "{B86B49EE-B3F6-4079-A1A5-1A5B92DBEFD2}"
EndProject
Project("{8BC9CEB8-8B4A-11D0-8D11-00A0C91BC942}") = "ftgl_dll_2008", "..\..\..\libs\ftgl\win32_vcpp\ftgl_dll\ftgl_dll_2008.vcproj", "{779D0463-725B-48D9-994E-435AD8EF8F69}"
EndProject
Project("{8BC9CEB8-8B4A-11D0-8D11-00A0C91BC942}") = "navatar", "..\navatar\navatar_2008.vcproj", "{A0B3E642-1A71-479E-8891-B3498C2B72D6}"
EndProject
Project("{8BC9CEB8-8B4A-11D0-8D11-00A0C91BC942}") = "VoipMan", "..\..\Voip\VoipMan\VoipMan_2008.vcproj", "{8810C8F3-E542-4C79-9AA4-7F800C019EA5}"
EndProject
Project("{8BC9CEB8-8B4A-11D0-8D11-00A0C91BC942}") = "VoipManClient_2008", "..\..\Voip\VoipManClient\VoipManClient_2008.vcproj", "{9AA05CB1-0288-424F-BD9D-3B36073FC00F}"
	ProjectSection(ProjectDependencies) = postProject
		{D2B854CC-1D97-47CA-BB33-38B2E0E82BEB} = {D2B854CC-1D97-47CA-BB33-38B2E0E82BEB}
	EndProjectSection
EndProject
Project("{8BC9CEB8-8B4A-11D0-8D11-00A0C91BC942}") = "VoipManServer_2008", "..\..\Voip\VoipManServer\VoipManServer_2008.vcproj", "{4D750873-827F-45CF-84D2-C46966F0ADA2}"
	ProjectSection(ProjectDependencies) = postProject
		{D2B854CC-1D97-47CA-BB33-38B2E0E82BEB} = {D2B854CC-1D97-47CA-BB33-38B2E0E82BEB}
	EndProjectSection
EndProject
Global
	GlobalSection(SolutionConfigurationPlatforms) = preSolution
		Debug GTK|Win32 = Debug GTK|Win32
		Debug GTK|x64 = Debug GTK|x64
		Debug optimized|Win32 = Debug optimized|Win32
		Debug optimized|x64 = Debug optimized|x64
		Debug|Win32 = Debug|Win32
		Debug|x64 = Debug|x64
		dummy|Win32 = dummy|Win32
		dummy|x64 = dummy|x64
		Release NASM|Win32 = Release NASM|Win32
		Release NASM|x64 = Release NASM|x64
		Release|Win32 = Release|Win32
		Release|x64 = Release|x64
	EndGlobalSection
	GlobalSection(ProjectConfigurationPlatforms) = postSolution
		{2DC710CB-DD40-4C5E-824E-DC79A8122E86}.Debug GTK|Win32.ActiveCfg = Debug optimized|Win32
		{2DC710CB-DD40-4C5E-824E-DC79A8122E86}.Debug GTK|Win32.Build.0 = Debug optimized|Win32
		{2DC710CB-DD40-4C5E-824E-DC79A8122E86}.Debug GTK|x64.ActiveCfg = Debug optimized|Win32
		{2DC710CB-DD40-4C5E-824E-DC79A8122E86}.Debug optimized|Win32.ActiveCfg = Debug optimized|Win32
		{2DC710CB-DD40-4C5E-824E-DC79A8122E86}.Debug optimized|Win32.Build.0 = Debug optimized|Win32
		{2DC710CB-DD40-4C5E-824E-DC79A8122E86}.Debug optimized|x64.ActiveCfg = Debug optimized|Win32
		{2DC710CB-DD40-4C5E-824E-DC79A8122E86}.Debug|Win32.ActiveCfg = Debug|Win32
		{2DC710CB-DD40-4C5E-824E-DC79A8122E86}.Debug|Win32.Build.0 = Debug|Win32
		{2DC710CB-DD40-4C5E-824E-DC79A8122E86}.Debug|x64.ActiveCfg = Debug|Win32
		{2DC710CB-DD40-4C5E-824E-DC79A8122E86}.dummy|Win32.ActiveCfg = Debug|Win32
		{2DC710CB-DD40-4C5E-824E-DC79A8122E86}.dummy|Win32.Build.0 = Debug|Win32
		{2DC710CB-DD40-4C5E-824E-DC79A8122E86}.dummy|x64.ActiveCfg = Debug optimized|Win32
		{2DC710CB-DD40-4C5E-824E-DC79A8122E86}.Release NASM|Win32.ActiveCfg = Release|Win32
		{2DC710CB-DD40-4C5E-824E-DC79A8122E86}.Release NASM|Win32.Build.0 = Release|Win32
		{2DC710CB-DD40-4C5E-824E-DC79A8122E86}.Release NASM|x64.ActiveCfg = Release|Win32
		{2DC710CB-DD40-4C5E-824E-DC79A8122E86}.Release|Win32.ActiveCfg = Release|Win32
		{2DC710CB-DD40-4C5E-824E-DC79A8122E86}.Release|Win32.Build.0 = Release|Win32
		{2DC710CB-DD40-4C5E-824E-DC79A8122E86}.Release|x64.ActiveCfg = Release|Win32
		{9BA5FE88-20C2-4A68-9E8E-160E27D2AF80}.Debug GTK|Win32.ActiveCfg = Debug optimized|Win32
		{9BA5FE88-20C2-4A68-9E8E-160E27D2AF80}.Debug GTK|Win32.Build.0 = Debug optimized|Win32
		{9BA5FE88-20C2-4A68-9E8E-160E27D2AF80}.Debug GTK|x64.ActiveCfg = Debug optimized|Win32
		{9BA5FE88-20C2-4A68-9E8E-160E27D2AF80}.Debug optimized|Win32.ActiveCfg = Debug optimized|Win32
		{9BA5FE88-20C2-4A68-9E8E-160E27D2AF80}.Debug optimized|Win32.Build.0 = Debug optimized|Win32
		{9BA5FE88-20C2-4A68-9E8E-160E27D2AF80}.Debug optimized|x64.ActiveCfg = Debug optimized|Win32
		{9BA5FE88-20C2-4A68-9E8E-160E27D2AF80}.Debug|Win32.ActiveCfg = Debug|Win32
		{9BA5FE88-20C2-4A68-9E8E-160E27D2AF80}.Debug|Win32.Build.0 = Debug|Win32
		{9BA5FE88-20C2-4A68-9E8E-160E27D2AF80}.Debug|x64.ActiveCfg = Debug|Win32
		{9BA5FE88-20C2-4A68-9E8E-160E27D2AF80}.dummy|Win32.ActiveCfg = Debug|Win32
		{9BA5FE88-20C2-4A68-9E8E-160E27D2AF80}.dummy|Win32.Build.0 = Debug|Win32
		{9BA5FE88-20C2-4A68-9E8E-160E27D2AF80}.dummy|x64.ActiveCfg = Debug optimized|Win32
		{9BA5FE88-20C2-4A68-9E8E-160E27D2AF80}.Release NASM|Win32.ActiveCfg = Release|Win32
		{9BA5FE88-20C2-4A68-9E8E-160E27D2AF80}.Release NASM|Win32.Build.0 = Release|Win32
		{9BA5FE88-20C2-4A68-9E8E-160E27D2AF80}.Release NASM|x64.ActiveCfg = Release|Win32
		{9BA5FE88-20C2-4A68-9E8E-160E27D2AF80}.Release|Win32.ActiveCfg = Release|Win32
		{9BA5FE88-20C2-4A68-9E8E-160E27D2AF80}.Release|Win32.Build.0 = Release|Win32
		{9BA5FE88-20C2-4A68-9E8E-160E27D2AF80}.Release|x64.ActiveCfg = Release|Win32
		{34154453-2680-403D-9E1A-14055C20EBBA}.Debug GTK|Win32.ActiveCfg = Debug optimized|Win32
		{34154453-2680-403D-9E1A-14055C20EBBA}.Debug GTK|Win32.Build.0 = Debug optimized|Win32
		{34154453-2680-403D-9E1A-14055C20EBBA}.Debug GTK|x64.ActiveCfg = Debug optimized|Win32
		{34154453-2680-403D-9E1A-14055C20EBBA}.Debug optimized|Win32.ActiveCfg = Debug optimized|Win32
		{34154453-2680-403D-9E1A-14055C20EBBA}.Debug optimized|Win32.Build.0 = Debug optimized|Win32
		{34154453-2680-403D-9E1A-14055C20EBBA}.Debug optimized|x64.ActiveCfg = Debug optimized|Win32
		{34154453-2680-403D-9E1A-14055C20EBBA}.Debug|Win32.ActiveCfg = Debug|Win32
		{34154453-2680-403D-9E1A-14055C20EBBA}.Debug|Win32.Build.0 = Debug|Win32
		{34154453-2680-403D-9E1A-14055C20EBBA}.Debug|x64.ActiveCfg = Debug|Win32
		{34154453-2680-403D-9E1A-14055C20EBBA}.dummy|Win32.ActiveCfg = Debug|Win32
		{34154453-2680-403D-9E1A-14055C20EBBA}.dummy|Win32.Build.0 = Debug|Win32
		{34154453-2680-403D-9E1A-14055C20EBBA}.dummy|x64.ActiveCfg = Debug optimized|Win32
		{34154453-2680-403D-9E1A-14055C20EBBA}.Release NASM|Win32.ActiveCfg = Release|Win32
		{34154453-2680-403D-9E1A-14055C20EBBA}.Release NASM|Win32.Build.0 = Release|Win32
		{34154453-2680-403D-9E1A-14055C20EBBA}.Release NASM|x64.ActiveCfg = Release|Win32
		{34154453-2680-403D-9E1A-14055C20EBBA}.Release|Win32.ActiveCfg = Release|Win32
		{34154453-2680-403D-9E1A-14055C20EBBA}.Release|Win32.Build.0 = Release|Win32
		{34154453-2680-403D-9E1A-14055C20EBBA}.Release|x64.ActiveCfg = Release|Win32
		{B615C4F3-2AAF-43CD-82AE-79F8A839B7C2}.Debug GTK|Win32.ActiveCfg = Debug optimized|Win32
		{B615C4F3-2AAF-43CD-82AE-79F8A839B7C2}.Debug GTK|Win32.Build.0 = Debug optimized|Win32
		{B615C4F3-2AAF-43CD-82AE-79F8A839B7C2}.Debug GTK|x64.ActiveCfg = Debug optimized|Win32
		{B615C4F3-2AAF-43CD-82AE-79F8A839B7C2}.Debug optimized|Win32.ActiveCfg = Debug optimized|Win32
		{B615C4F3-2AAF-43CD-82AE-79F8A839B7C2}.Debug optimized|Win32.Build.0 = Debug optimized|Win32
		{B615C4F3-2AAF-43CD-82AE-79F8A839B7C2}.Debug optimized|x64.ActiveCfg = Debug optimized|Win32
		{B615C4F3-2AAF-43CD-82AE-79F8A839B7C2}.Debug|Win32.ActiveCfg = Debug|Win32
		{B615C4F3-2AAF-43CD-82AE-79F8A839B7C2}.Debug|Win32.Build.0 = Debug|Win32
		{B615C4F3-2AAF-43CD-82AE-79F8A839B7C2}.Debug|x64.ActiveCfg = Debug|Win32
		{B615C4F3-2AAF-43CD-82AE-79F8A839B7C2}.dummy|Win32.ActiveCfg = Debug|Win32
		{B615C4F3-2AAF-43CD-82AE-79F8A839B7C2}.dummy|Win32.Build.0 = Debug|Win32
		{B615C4F3-2AAF-43CD-82AE-79F8A839B7C2}.dummy|x64.ActiveCfg = Debug optimized|Win32
		{B615C4F3-2AAF-43CD-82AE-79F8A839B7C2}.Release NASM|Win32.ActiveCfg = Release|Win32
		{B615C4F3-2AAF-43CD-82AE-79F8A839B7C2}.Release NASM|Win32.Build.0 = Release|Win32
		{B615C4F3-2AAF-43CD-82AE-79F8A839B7C2}.Release NASM|x64.ActiveCfg = Release|Win32
		{B615C4F3-2AAF-43CD-82AE-79F8A839B7C2}.Release|Win32.ActiveCfg = Release|Win32
		{B615C4F3-2AAF-43CD-82AE-79F8A839B7C2}.Release|Win32.Build.0 = Release|Win32
		{B615C4F3-2AAF-43CD-82AE-79F8A839B7C2}.Release|x64.ActiveCfg = Release|Win32
		{3060942A-845A-42A0-895C-97524F11B16A}.Debug GTK|Win32.ActiveCfg = Debug optimized|Win32
		{3060942A-845A-42A0-895C-97524F11B16A}.Debug GTK|Win32.Build.0 = Debug optimized|Win32
		{3060942A-845A-42A0-895C-97524F11B16A}.Debug GTK|x64.ActiveCfg = Debug optimized|Win32
		{3060942A-845A-42A0-895C-97524F11B16A}.Debug optimized|Win32.ActiveCfg = Debug optimized|Win32
		{3060942A-845A-42A0-895C-97524F11B16A}.Debug optimized|Win32.Build.0 = Debug optimized|Win32
		{3060942A-845A-42A0-895C-97524F11B16A}.Debug optimized|x64.ActiveCfg = Debug optimized|Win32
		{3060942A-845A-42A0-895C-97524F11B16A}.Debug|Win32.ActiveCfg = Debug|Win32
		{3060942A-845A-42A0-895C-97524F11B16A}.Debug|Win32.Build.0 = Debug|Win32
		{3060942A-845A-42A0-895C-97524F11B16A}.Debug|x64.ActiveCfg = Debug|Win32
		{3060942A-845A-42A0-895C-97524F11B16A}.dummy|Win32.ActiveCfg = Debug|Win32
		{3060942A-845A-42A0-895C-97524F11B16A}.dummy|Win32.Build.0 = Debug|Win32
		{3060942A-845A-42A0-895C-97524F11B16A}.dummy|x64.ActiveCfg = Debug optimized|Win32
		{3060942A-845A-42A0-895C-97524F11B16A}.Release NASM|Win32.ActiveCfg = Release|Win32
		{3060942A-845A-42A0-895C-97524F11B16A}.Release NASM|Win32.Build.0 = Release|Win32
		{3060942A-845A-42A0-895C-97524F11B16A}.Release NASM|x64.ActiveCfg = Release|Win32
		{3060942A-845A-42A0-895C-97524F11B16A}.Release|Win32.ActiveCfg = Release|Win32
		{3060942A-845A-42A0-895C-97524F11B16A}.Release|Win32.Build.0 = Release|Win32
		{3060942A-845A-42A0-895C-97524F11B16A}.Release|x64.ActiveCfg = Release|Win32
		{B76A2B0A-A693-4AC4-9E6F-130C1E55C25B}.Debug GTK|Win32.ActiveCfg = Debug optimized|Win32
		{B76A2B0A-A693-4AC4-9E6F-130C1E55C25B}.Debug GTK|Win32.Build.0 = Debug optimized|Win32
		{B76A2B0A-A693-4AC4-9E6F-130C1E55C25B}.Debug GTK|x64.ActiveCfg = Debug optimized|Win32
		{B76A2B0A-A693-4AC4-9E6F-130C1E55C25B}.Debug optimized|Win32.ActiveCfg = Debug optimized|Win32
		{B76A2B0A-A693-4AC4-9E6F-130C1E55C25B}.Debug optimized|Win32.Build.0 = Debug optimized|Win32
		{B76A2B0A-A693-4AC4-9E6F-130C1E55C25B}.Debug optimized|x64.ActiveCfg = Debug optimized|Win32
		{B76A2B0A-A693-4AC4-9E6F-130C1E55C25B}.Debug|Win32.ActiveCfg = Debug|Win32
		{B76A2B0A-A693-4AC4-9E6F-130C1E55C25B}.Debug|Win32.Build.0 = Debug|Win32
		{B76A2B0A-A693-4AC4-9E6F-130C1E55C25B}.Debug|x64.ActiveCfg = Debug|Win32
		{B76A2B0A-A693-4AC4-9E6F-130C1E55C25B}.dummy|Win32.ActiveCfg = Debug|Win32
		{B76A2B0A-A693-4AC4-9E6F-130C1E55C25B}.dummy|Win32.Build.0 = Debug|Win32
		{B76A2B0A-A693-4AC4-9E6F-130C1E55C25B}.dummy|x64.ActiveCfg = Debug optimized|Win32
		{B76A2B0A-A693-4AC4-9E6F-130C1E55C25B}.Release NASM|Win32.ActiveCfg = Release|Win32
		{B76A2B0A-A693-4AC4-9E6F-130C1E55C25B}.Release NASM|Win32.Build.0 = Release|Win32
		{B76A2B0A-A693-4AC4-9E6F-130C1E55C25B}.Release NASM|x64.ActiveCfg = Release|Win32
		{B76A2B0A-A693-4AC4-9E6F-130C1E55C25B}.Release|Win32.ActiveCfg = Release|Win32
		{B76A2B0A-A693-4AC4-9E6F-130C1E55C25B}.Release|Win32.Build.0 = Release|Win32
		{B76A2B0A-A693-4AC4-9E6F-130C1E55C25B}.Release|x64.ActiveCfg = Release|Win32
		{74DDC65C-6D07-45AF-BB43-F0677203B114}.Debug GTK|Win32.ActiveCfg = Debug optimized|Win32
		{74DDC65C-6D07-45AF-BB43-F0677203B114}.Debug GTK|Win32.Build.0 = Debug optimized|Win32
		{74DDC65C-6D07-45AF-BB43-F0677203B114}.Debug GTK|x64.ActiveCfg = Debug optimized|Win32
		{74DDC65C-6D07-45AF-BB43-F0677203B114}.Debug optimized|Win32.ActiveCfg = Debug optimized|Win32
		{74DDC65C-6D07-45AF-BB43-F0677203B114}.Debug optimized|Win32.Build.0 = Debug optimized|Win32
		{74DDC65C-6D07-45AF-BB43-F0677203B114}.Debug optimized|x64.ActiveCfg = Debug optimized|Win32
		{74DDC65C-6D07-45AF-BB43-F0677203B114}.Debug|Win32.ActiveCfg = Debug|Win32
		{74DDC65C-6D07-45AF-BB43-F0677203B114}.Debug|Win32.Build.0 = Debug|Win32
		{74DDC65C-6D07-45AF-BB43-F0677203B114}.Debug|x64.ActiveCfg = Debug|Win32
		{74DDC65C-6D07-45AF-BB43-F0677203B114}.dummy|Win32.ActiveCfg = Debug|Win32
		{74DDC65C-6D07-45AF-BB43-F0677203B114}.dummy|Win32.Build.0 = Debug|Win32
		{74DDC65C-6D07-45AF-BB43-F0677203B114}.dummy|x64.ActiveCfg = Debug optimized|Win32
		{74DDC65C-6D07-45AF-BB43-F0677203B114}.Release NASM|Win32.ActiveCfg = Release|Win32
		{74DDC65C-6D07-45AF-BB43-F0677203B114}.Release NASM|Win32.Build.0 = Release|Win32
		{74DDC65C-6D07-45AF-BB43-F0677203B114}.Release NASM|x64.ActiveCfg = Release|Win32
		{74DDC65C-6D07-45AF-BB43-F0677203B114}.Release|Win32.ActiveCfg = Release|Win32
		{74DDC65C-6D07-45AF-BB43-F0677203B114}.Release|Win32.Build.0 = Release|Win32
		{74DDC65C-6D07-45AF-BB43-F0677203B114}.Release|x64.ActiveCfg = Release|Win32
		{429A1A5B-ADBF-4D7A-B056-D233AFC29F7C}.Debug GTK|Win32.ActiveCfg = Debug optimized|Win32
		{429A1A5B-ADBF-4D7A-B056-D233AFC29F7C}.Debug GTK|Win32.Build.0 = Debug optimized|Win32
		{429A1A5B-ADBF-4D7A-B056-D233AFC29F7C}.Debug GTK|x64.ActiveCfg = Debug optimized|Win32
		{429A1A5B-ADBF-4D7A-B056-D233AFC29F7C}.Debug optimized|Win32.ActiveCfg = Debug optimized|Win32
		{429A1A5B-ADBF-4D7A-B056-D233AFC29F7C}.Debug optimized|Win32.Build.0 = Debug optimized|Win32
		{429A1A5B-ADBF-4D7A-B056-D233AFC29F7C}.Debug optimized|x64.ActiveCfg = Debug optimized|Win32
		{429A1A5B-ADBF-4D7A-B056-D233AFC29F7C}.Debug|Win32.ActiveCfg = Debug|Win32
		{429A1A5B-ADBF-4D7A-B056-D233AFC29F7C}.Debug|Win32.Build.0 = Debug|Win32
		{429A1A5B-ADBF-4D7A-B056-D233AFC29F7C}.Debug|x64.ActiveCfg = Debug|Win32
		{429A1A5B-ADBF-4D7A-B056-D233AFC29F7C}.dummy|Win32.ActiveCfg = Debug|Win32
		{429A1A5B-ADBF-4D7A-B056-D233AFC29F7C}.dummy|Win32.Build.0 = Debug|Win32
		{429A1A5B-ADBF-4D7A-B056-D233AFC29F7C}.dummy|x64.ActiveCfg = Debug optimized|Win32
		{429A1A5B-ADBF-4D7A-B056-D233AFC29F7C}.Release NASM|Win32.ActiveCfg = Release|Win32
		{429A1A5B-ADBF-4D7A-B056-D233AFC29F7C}.Release NASM|Win32.Build.0 = Release|Win32
		{429A1A5B-ADBF-4D7A-B056-D233AFC29F7C}.Release NASM|x64.ActiveCfg = Release|Win32
		{429A1A5B-ADBF-4D7A-B056-D233AFC29F7C}.Release|Win32.ActiveCfg = Release|Win32
		{429A1A5B-ADBF-4D7A-B056-D233AFC29F7C}.Release|Win32.Build.0 = Release|Win32
		{429A1A5B-ADBF-4D7A-B056-D233AFC29F7C}.Release|x64.ActiveCfg = Release|Win32
		{F0B3E642-1571-478E-8801-B3498C2B82D6}.Debug GTK|Win32.ActiveCfg = Debug optimized|Win32
		{F0B3E642-1571-478E-8801-B3498C2B82D6}.Debug GTK|Win32.Build.0 = Debug optimized|Win32
		{F0B3E642-1571-478E-8801-B3498C2B82D6}.Debug GTK|x64.ActiveCfg = Debug optimized|Win32
		{F0B3E642-1571-478E-8801-B3498C2B82D6}.Debug optimized|Win32.ActiveCfg = Debug optimized|Win32
		{F0B3E642-1571-478E-8801-B3498C2B82D6}.Debug optimized|Win32.Build.0 = Debug optimized|Win32
		{F0B3E642-1571-478E-8801-B3498C2B82D6}.Debug optimized|x64.ActiveCfg = Debug optimized|Win32
		{F0B3E642-1571-478E-8801-B3498C2B82D6}.Debug|Win32.ActiveCfg = Debug|Win32
		{F0B3E642-1571-478E-8801-B3498C2B82D6}.Debug|Win32.Build.0 = Debug|Win32
		{F0B3E642-1571-478E-8801-B3498C2B82D6}.Debug|x64.ActiveCfg = Debug|Win32
		{F0B3E642-1571-478E-8801-B3498C2B82D6}.dummy|Win32.ActiveCfg = Debug|Win32
		{F0B3E642-1571-478E-8801-B3498C2B82D6}.dummy|Win32.Build.0 = Debug|Win32
		{F0B3E642-1571-478E-8801-B3498C2B82D6}.dummy|x64.ActiveCfg = Debug optimized|Win32
		{F0B3E642-1571-478E-8801-B3498C2B82D6}.Release NASM|Win32.ActiveCfg = Release|Win32
		{F0B3E642-1571-478E-8801-B3498C2B82D6}.Release NASM|Win32.Build.0 = Release|Win32
		{F0B3E642-1571-478E-8801-B3498C2B82D6}.Release NASM|x64.ActiveCfg = Release|Win32
		{F0B3E642-1571-478E-8801-B3498C2B82D6}.Release|Win32.ActiveCfg = Release|Win32
		{F0B3E642-1571-478E-8801-B3498C2B82D6}.Release|Win32.Build.0 = Release|Win32
		{F0B3E642-1571-478E-8801-B3498C2B82D6}.Release|x64.ActiveCfg = Release|Win32
		{CCDDBCDC-4DAE-4CCB-BCCE-E5A3633A4B39}.Debug GTK|Win32.ActiveCfg = Debug optimized|Win32
		{CCDDBCDC-4DAE-4CCB-BCCE-E5A3633A4B39}.Debug GTK|Win32.Build.0 = Debug optimized|Win32
		{CCDDBCDC-4DAE-4CCB-BCCE-E5A3633A4B39}.Debug GTK|x64.ActiveCfg = Debug optimized|Win32
		{CCDDBCDC-4DAE-4CCB-BCCE-E5A3633A4B39}.Debug optimized|Win32.ActiveCfg = Debug optimized|Win32
		{CCDDBCDC-4DAE-4CCB-BCCE-E5A3633A4B39}.Debug optimized|Win32.Build.0 = Debug optimized|Win32
		{CCDDBCDC-4DAE-4CCB-BCCE-E5A3633A4B39}.Debug optimized|x64.ActiveCfg = Debug optimized|Win32
		{CCDDBCDC-4DAE-4CCB-BCCE-E5A3633A4B39}.Debug|Win32.ActiveCfg = Debug|Win32
		{CCDDBCDC-4DAE-4CCB-BCCE-E5A3633A4B39}.Debug|Win32.Build.0 = Debug|Win32
		{CCDDBCDC-4DAE-4CCB-BCCE-E5A3633A4B39}.Debug|x64.ActiveCfg = Debug|Win32
		{CCDDBCDC-4DAE-4CCB-BCCE-E5A3633A4B39}.dummy|Win32.ActiveCfg = Debug|Win32
		{CCDDBCDC-4DAE-4CCB-BCCE-E5A3633A4B39}.dummy|Win32.Build.0 = Debug|Win32
		{CCDDBCDC-4DAE-4CCB-BCCE-E5A3633A4B39}.dummy|x64.ActiveCfg = Debug optimized|Win32
		{CCDDBCDC-4DAE-4CCB-BCCE-E5A3633A4B39}.Release NASM|Win32.ActiveCfg = Release|Win32
		{CCDDBCDC-4DAE-4CCB-BCCE-E5A3633A4B39}.Release NASM|Win32.Build.0 = Release|Win32
		{CCDDBCDC-4DAE-4CCB-BCCE-E5A3633A4B39}.Release NASM|x64.ActiveCfg = Release|Win32
		{CCDDBCDC-4DAE-4CCB-BCCE-E5A3633A4B39}.Release|Win32.ActiveCfg = Release|Win32
		{CCDDBCDC-4DAE-4CCB-BCCE-E5A3633A4B39}.Release|Win32.Build.0 = Release|Win32
		{CCDDBCDC-4DAE-4CCB-BCCE-E5A3633A4B39}.Release|x64.ActiveCfg = Release|Win32
		{4E774714-2DF7-40A3-9DF7-D93A12106040}.Debug GTK|Win32.ActiveCfg = Debug optimized|Win32
		{4E774714-2DF7-40A3-9DF7-D93A12106040}.Debug GTK|Win32.Build.0 = Debug optimized|Win32
		{4E774714-2DF7-40A3-9DF7-D93A12106040}.Debug GTK|x64.ActiveCfg = Debug optimized|Win32
		{4E774714-2DF7-40A3-9DF7-D93A12106040}.Debug optimized|Win32.ActiveCfg = Debug optimized|Win32
		{4E774714-2DF7-40A3-9DF7-D93A12106040}.Debug optimized|Win32.Build.0 = Debug optimized|Win32
		{4E774714-2DF7-40A3-9DF7-D93A12106040}.Debug optimized|x64.ActiveCfg = Debug optimized|Win32
		{4E774714-2DF7-40A3-9DF7-D93A12106040}.Debug|Win32.ActiveCfg = Debug|Win32
		{4E774714-2DF7-40A3-9DF7-D93A12106040}.Debug|Win32.Build.0 = Debug|Win32
		{4E774714-2DF7-40A3-9DF7-D93A12106040}.Debug|x64.ActiveCfg = Debug|Win32
		{4E774714-2DF7-40A3-9DF7-D93A12106040}.dummy|Win32.ActiveCfg = Debug|Win32
		{4E774714-2DF7-40A3-9DF7-D93A12106040}.dummy|Win32.Build.0 = Debug|Win32
		{4E774714-2DF7-40A3-9DF7-D93A12106040}.dummy|x64.ActiveCfg = Debug optimized|Win32
		{4E774714-2DF7-40A3-9DF7-D93A12106040}.Release NASM|Win32.ActiveCfg = Release|Win32
		{4E774714-2DF7-40A3-9DF7-D93A12106040}.Release NASM|Win32.Build.0 = Release|Win32
		{4E774714-2DF7-40A3-9DF7-D93A12106040}.Release NASM|x64.ActiveCfg = Release|Win32
		{4E774714-2DF7-40A3-9DF7-D93A12106040}.Release|Win32.ActiveCfg = Release|Win32
		{4E774714-2DF7-40A3-9DF7-D93A12106040}.Release|Win32.Build.0 = Release|Win32
		{4E774714-2DF7-40A3-9DF7-D93A12106040}.Release|x64.ActiveCfg = Release|Win32
		{7BBCC5D9-C848-43D0-95B4-58BF95E99216}.Debug GTK|Win32.ActiveCfg = Debug optimized|Win32
		{7BBCC5D9-C848-43D0-95B4-58BF95E99216}.Debug GTK|Win32.Build.0 = Debug optimized|Win32
		{7BBCC5D9-C848-43D0-95B4-58BF95E99216}.Debug GTK|x64.ActiveCfg = Debug optimized|Win32
		{7BBCC5D9-C848-43D0-95B4-58BF95E99216}.Debug optimized|Win32.ActiveCfg = Debug optimized|Win32
		{7BBCC5D9-C848-43D0-95B4-58BF95E99216}.Debug optimized|Win32.Build.0 = Debug optimized|Win32
		{7BBCC5D9-C848-43D0-95B4-58BF95E99216}.Debug optimized|x64.ActiveCfg = Debug optimized|Win32
		{7BBCC5D9-C848-43D0-95B4-58BF95E99216}.Debug|Win32.ActiveCfg = Debug|Win32
		{7BBCC5D9-C848-43D0-95B4-58BF95E99216}.Debug|Win32.Build.0 = Debug|Win32
		{7BBCC5D9-C848-43D0-95B4-58BF95E99216}.Debug|x64.ActiveCfg = Debug|Win32
		{7BBCC5D9-C848-43D0-95B4-58BF95E99216}.dummy|Win32.ActiveCfg = Debug|Win32
		{7BBCC5D9-C848-43D0-95B4-58BF95E99216}.dummy|Win32.Build.0 = Debug|Win32
		{7BBCC5D9-C848-43D0-95B4-58BF95E99216}.dummy|x64.ActiveCfg = Debug optimized|Win32
		{7BBCC5D9-C848-43D0-95B4-58BF95E99216}.Release NASM|Win32.ActiveCfg = Release|Win32
		{7BBCC5D9-C848-43D0-95B4-58BF95E99216}.Release NASM|Win32.Build.0 = Release|Win32
		{7BBCC5D9-C848-43D0-95B4-58BF95E99216}.Release NASM|x64.ActiveCfg = Release|Win32
		{7BBCC5D9-C848-43D0-95B4-58BF95E99216}.Release|Win32.ActiveCfg = Release|Win32
		{7BBCC5D9-C848-43D0-95B4-58BF95E99216}.Release|Win32.Build.0 = Release|Win32
		{7BBCC5D9-C848-43D0-95B4-58BF95E99216}.Release|x64.ActiveCfg = Release|Win32
		{62F13014-8153-47EA-8D87-FB1051C1DCFB}.Debug GTK|Win32.ActiveCfg = Debug optimized|Win32
		{62F13014-8153-47EA-8D87-FB1051C1DCFB}.Debug GTK|Win32.Build.0 = Debug optimized|Win32
		{62F13014-8153-47EA-8D87-FB1051C1DCFB}.Debug GTK|x64.ActiveCfg = Debug optimized|Win32
		{62F13014-8153-47EA-8D87-FB1051C1DCFB}.Debug optimized|Win32.ActiveCfg = Debug optimized|Win32
		{62F13014-8153-47EA-8D87-FB1051C1DCFB}.Debug optimized|Win32.Build.0 = Debug optimized|Win32
		{62F13014-8153-47EA-8D87-FB1051C1DCFB}.Debug optimized|x64.ActiveCfg = Debug optimized|Win32
		{62F13014-8153-47EA-8D87-FB1051C1DCFB}.Debug|Win32.ActiveCfg = Debug|Win32
		{62F13014-8153-47EA-8D87-FB1051C1DCFB}.Debug|Win32.Build.0 = Debug|Win32
		{62F13014-8153-47EA-8D87-FB1051C1DCFB}.Debug|x64.ActiveCfg = Debug|Win32
		{62F13014-8153-47EA-8D87-FB1051C1DCFB}.dummy|Win32.ActiveCfg = Debug|Win32
		{62F13014-8153-47EA-8D87-FB1051C1DCFB}.dummy|Win32.Build.0 = Debug|Win32
		{62F13014-8153-47EA-8D87-FB1051C1DCFB}.dummy|x64.ActiveCfg = Debug optimized|Win32
		{62F13014-8153-47EA-8D87-FB1051C1DCFB}.Release NASM|Win32.ActiveCfg = Release|Win32
		{62F13014-8153-47EA-8D87-FB1051C1DCFB}.Release NASM|Win32.Build.0 = Release|Win32
		{62F13014-8153-47EA-8D87-FB1051C1DCFB}.Release NASM|x64.ActiveCfg = Release|Win32
		{62F13014-8153-47EA-8D87-FB1051C1DCFB}.Release|Win32.ActiveCfg = Release|Win32
		{62F13014-8153-47EA-8D87-FB1051C1DCFB}.Release|Win32.Build.0 = Release|Win32
		{62F13014-8153-47EA-8D87-FB1051C1DCFB}.Release|x64.ActiveCfg = Release|Win32
		{98244F8C-A3BB-4112-B14C-975093F4A139}.Debug GTK|Win32.ActiveCfg = Debug optimized|Win32
		{98244F8C-A3BB-4112-B14C-975093F4A139}.Debug GTK|Win32.Build.0 = Debug optimized|Win32
		{98244F8C-A3BB-4112-B14C-975093F4A139}.Debug GTK|x64.ActiveCfg = Debug optimized|Win32
		{98244F8C-A3BB-4112-B14C-975093F4A139}.Debug optimized|Win32.ActiveCfg = Debug optimized|Win32
		{98244F8C-A3BB-4112-B14C-975093F4A139}.Debug optimized|Win32.Build.0 = Debug optimized|Win32
		{98244F8C-A3BB-4112-B14C-975093F4A139}.Debug optimized|x64.ActiveCfg = Debug optimized|Win32
		{98244F8C-A3BB-4112-B14C-975093F4A139}.Debug|Win32.ActiveCfg = Debug|Win32
		{98244F8C-A3BB-4112-B14C-975093F4A139}.Debug|Win32.Build.0 = Debug|Win32
		{98244F8C-A3BB-4112-B14C-975093F4A139}.Debug|x64.ActiveCfg = Debug|Win32
		{98244F8C-A3BB-4112-B14C-975093F4A139}.dummy|Win32.ActiveCfg = Debug|Win32
		{98244F8C-A3BB-4112-B14C-975093F4A139}.dummy|Win32.Build.0 = Debug|Win32
		{98244F8C-A3BB-4112-B14C-975093F4A139}.dummy|x64.ActiveCfg = Debug optimized|Win32
		{98244F8C-A3BB-4112-B14C-975093F4A139}.Release NASM|Win32.ActiveCfg = Release|Win32
		{98244F8C-A3BB-4112-B14C-975093F4A139}.Release NASM|Win32.Build.0 = Release|Win32
		{98244F8C-A3BB-4112-B14C-975093F4A139}.Release NASM|x64.ActiveCfg = Release|Win32
		{98244F8C-A3BB-4112-B14C-975093F4A139}.Release|Win32.ActiveCfg = Release|Win32
		{98244F8C-A3BB-4112-B14C-975093F4A139}.Release|Win32.Build.0 = Release|Win32
		{98244F8C-A3BB-4112-B14C-975093F4A139}.Release|x64.ActiveCfg = Release|Win32
		{528A1A5E-ADBF-4D7A-B056-D233AFC29F7C}.Debug GTK|Win32.ActiveCfg = Debug optimized|Win32
		{528A1A5E-ADBF-4D7A-B056-D233AFC29F7C}.Debug GTK|Win32.Build.0 = Debug optimized|Win32
		{528A1A5E-ADBF-4D7A-B056-D233AFC29F7C}.Debug GTK|x64.ActiveCfg = Debug optimized|Win32
		{528A1A5E-ADBF-4D7A-B056-D233AFC29F7C}.Debug optimized|Win32.ActiveCfg = Debug optimized|Win32
		{528A1A5E-ADBF-4D7A-B056-D233AFC29F7C}.Debug optimized|Win32.Build.0 = Debug optimized|Win32
		{528A1A5E-ADBF-4D7A-B056-D233AFC29F7C}.Debug optimized|x64.ActiveCfg = Debug optimized|Win32
		{528A1A5E-ADBF-4D7A-B056-D233AFC29F7C}.Debug|Win32.ActiveCfg = Debug|Win32
		{528A1A5E-ADBF-4D7A-B056-D233AFC29F7C}.Debug|Win32.Build.0 = Debug|Win32
		{528A1A5E-ADBF-4D7A-B056-D233AFC29F7C}.Debug|x64.ActiveCfg = Debug|Win32
		{528A1A5E-ADBF-4D7A-B056-D233AFC29F7C}.dummy|Win32.ActiveCfg = Debug|Win32
		{528A1A5E-ADBF-4D7A-B056-D233AFC29F7C}.dummy|Win32.Build.0 = Debug|Win32
		{528A1A5E-ADBF-4D7A-B056-D233AFC29F7C}.dummy|x64.ActiveCfg = Debug optimized|Win32
		{528A1A5E-ADBF-4D7A-B056-D233AFC29F7C}.Release NASM|Win32.ActiveCfg = Release|Win32
		{528A1A5E-ADBF-4D7A-B056-D233AFC29F7C}.Release NASM|Win32.Build.0 = Release|Win32
		{528A1A5E-ADBF-4D7A-B056-D233AFC29F7C}.Release NASM|x64.ActiveCfg = Release|Win32
		{528A1A5E-ADBF-4D7A-B056-D233AFC29F7C}.Release|Win32.ActiveCfg = Release|Win32
		{528A1A5E-ADBF-4D7A-B056-D233AFC29F7C}.Release|Win32.Build.0 = Release|Win32
		{528A1A5E-ADBF-4D7A-B056-D233AFC29F7C}.Release|x64.ActiveCfg = Release|Win32
		{9BBCC539-C848-43D0-95B4-58BF95E99216}.Debug GTK|Win32.ActiveCfg = Debug optimized|Win32
		{9BBCC539-C848-43D0-95B4-58BF95E99216}.Debug GTK|Win32.Build.0 = Debug optimized|Win32
		{9BBCC539-C848-43D0-95B4-58BF95E99216}.Debug GTK|x64.ActiveCfg = Debug optimized|Win32
		{9BBCC539-C848-43D0-95B4-58BF95E99216}.Debug optimized|Win32.ActiveCfg = Debug optimized|Win32
		{9BBCC539-C848-43D0-95B4-58BF95E99216}.Debug optimized|Win32.Build.0 = Debug optimized|Win32
		{9BBCC539-C848-43D0-95B4-58BF95E99216}.Debug optimized|x64.ActiveCfg = Debug optimized|Win32
		{9BBCC539-C848-43D0-95B4-58BF95E99216}.Debug|Win32.ActiveCfg = Debug|Win32
		{9BBCC539-C848-43D0-95B4-58BF95E99216}.Debug|Win32.Build.0 = Debug|Win32
		{9BBCC539-C848-43D0-95B4-58BF95E99216}.Debug|x64.ActiveCfg = Debug|Win32
		{9BBCC539-C848-43D0-95B4-58BF95E99216}.dummy|Win32.ActiveCfg = Debug|Win32
		{9BBCC539-C848-43D0-95B4-58BF95E99216}.dummy|Win32.Build.0 = Debug|Win32
		{9BBCC539-C848-43D0-95B4-58BF95E99216}.dummy|x64.ActiveCfg = Debug optimized|Win32
		{9BBCC539-C848-43D0-95B4-58BF95E99216}.Release NASM|Win32.ActiveCfg = Release|Win32
		{9BBCC539-C848-43D0-95B4-58BF95E99216}.Release NASM|Win32.Build.0 = Release|Win32
		{9BBCC539-C848-43D0-95B4-58BF95E99216}.Release NASM|x64.ActiveCfg = Release|Win32
		{9BBCC539-C848-43D0-95B4-58BF95E99216}.Release|Win32.ActiveCfg = Release|Win32
		{9BBCC539-C848-43D0-95B4-58BF95E99216}.Release|Win32.Build.0 = Release|Win32
		{9BBCC539-C848-43D0-95B4-58BF95E99216}.Release|x64.ActiveCfg = Release|Win32
		{40AC89EA-CE65-467A-8BC2-4568F05AB791}.Debug GTK|Win32.ActiveCfg = Debug optimized|Win32
		{40AC89EA-CE65-467A-8BC2-4568F05AB791}.Debug GTK|Win32.Build.0 = Debug optimized|Win32
		{40AC89EA-CE65-467A-8BC2-4568F05AB791}.Debug GTK|x64.ActiveCfg = Debug optimized|Win32
		{40AC89EA-CE65-467A-8BC2-4568F05AB791}.Debug optimized|Win32.ActiveCfg = Debug optimized|Win32
		{40AC89EA-CE65-467A-8BC2-4568F05AB791}.Debug optimized|Win32.Build.0 = Debug optimized|Win32
		{40AC89EA-CE65-467A-8BC2-4568F05AB791}.Debug optimized|x64.ActiveCfg = Debug optimized|Win32
		{40AC89EA-CE65-467A-8BC2-4568F05AB791}.Debug|Win32.ActiveCfg = Debug|Win32
		{40AC89EA-CE65-467A-8BC2-4568F05AB791}.Debug|Win32.Build.0 = Debug|Win32
		{40AC89EA-CE65-467A-8BC2-4568F05AB791}.Debug|x64.ActiveCfg = Debug|Win32
		{40AC89EA-CE65-467A-8BC2-4568F05AB791}.dummy|Win32.ActiveCfg = Debug|Win32
		{40AC89EA-CE65-467A-8BC2-4568F05AB791}.dummy|Win32.Build.0 = Debug|Win32
		{40AC89EA-CE65-467A-8BC2-4568F05AB791}.dummy|x64.ActiveCfg = Debug optimized|Win32
		{40AC89EA-CE65-467A-8BC2-4568F05AB791}.Release NASM|Win32.ActiveCfg = Release|Win32
		{40AC89EA-CE65-467A-8BC2-4568F05AB791}.Release NASM|Win32.Build.0 = Release|Win32
		{40AC89EA-CE65-467A-8BC2-4568F05AB791}.Release NASM|x64.ActiveCfg = Release|Win32
		{40AC89EA-CE65-467A-8BC2-4568F05AB791}.Release|Win32.ActiveCfg = Release|Win32
		{40AC89EA-CE65-467A-8BC2-4568F05AB791}.Release|Win32.Build.0 = Release|Win32
		{40AC89EA-CE65-467A-8BC2-4568F05AB791}.Release|x64.ActiveCfg = Release|Win32
		{1F0B13C6-1C8F-44C4-9F8F-C48B1AFF0A95}.Debug GTK|Win32.ActiveCfg = Debug optimized|Win32
		{1F0B13C6-1C8F-44C4-9F8F-C48B1AFF0A95}.Debug GTK|Win32.Build.0 = Debug optimized|Win32
		{1F0B13C6-1C8F-44C4-9F8F-C48B1AFF0A95}.Debug GTK|x64.ActiveCfg = Debug optimized|Win32
		{1F0B13C6-1C8F-44C4-9F8F-C48B1AFF0A95}.Debug optimized|Win32.ActiveCfg = Debug optimized|Win32
		{1F0B13C6-1C8F-44C4-9F8F-C48B1AFF0A95}.Debug optimized|Win32.Build.0 = Debug optimized|Win32
		{1F0B13C6-1C8F-44C4-9F8F-C48B1AFF0A95}.Debug optimized|x64.ActiveCfg = Debug optimized|Win32
		{1F0B13C6-1C8F-44C4-9F8F-C48B1AFF0A95}.Debug|Win32.ActiveCfg = Debug|Win32
		{1F0B13C6-1C8F-44C4-9F8F-C48B1AFF0A95}.Debug|Win32.Build.0 = Debug|Win32
		{1F0B13C6-1C8F-44C4-9F8F-C48B1AFF0A95}.Debug|x64.ActiveCfg = Debug|Win32
		{1F0B13C6-1C8F-44C4-9F8F-C48B1AFF0A95}.dummy|Win32.ActiveCfg = Debug|Win32
		{1F0B13C6-1C8F-44C4-9F8F-C48B1AFF0A95}.dummy|Win32.Build.0 = Debug|Win32
		{1F0B13C6-1C8F-44C4-9F8F-C48B1AFF0A95}.dummy|x64.ActiveCfg = Debug optimized|Win32
		{1F0B13C6-1C8F-44C4-9F8F-C48B1AFF0A95}.Release NASM|Win32.ActiveCfg = Release|Win32
		{1F0B13C6-1C8F-44C4-9F8F-C48B1AFF0A95}.Release NASM|Win32.Build.0 = Release|Win32
		{1F0B13C6-1C8F-44C4-9F8F-C48B1AFF0A95}.Release NASM|x64.ActiveCfg = Release|Win32
		{1F0B13C6-1C8F-44C4-9F8F-C48B1AFF0A95}.Release|Win32.ActiveCfg = Release|Win32
		{1F0B13C6-1C8F-44C4-9F8F-C48B1AFF0A95}.Release|Win32.Build.0 = Release|Win32
		{1F0B13C6-1C8F-44C4-9F8F-C48B1AFF0A95}.Release|x64.ActiveCfg = Release|Win32
		{781B20F3-F4B2-4DF6-8B2B-4CCAE1A8437D}.Debug GTK|Win32.ActiveCfg = Debug optimized|Win32
		{781B20F3-F4B2-4DF6-8B2B-4CCAE1A8437D}.Debug GTK|Win32.Build.0 = Debug optimized|Win32
		{781B20F3-F4B2-4DF6-8B2B-4CCAE1A8437D}.Debug GTK|x64.ActiveCfg = Debug optimized|Win32
		{781B20F3-F4B2-4DF6-8B2B-4CCAE1A8437D}.Debug optimized|Win32.ActiveCfg = Debug optimized|Win32
		{781B20F3-F4B2-4DF6-8B2B-4CCAE1A8437D}.Debug optimized|Win32.Build.0 = Debug optimized|Win32
		{781B20F3-F4B2-4DF6-8B2B-4CCAE1A8437D}.Debug optimized|x64.ActiveCfg = Debug optimized|Win32
		{781B20F3-F4B2-4DF6-8B2B-4CCAE1A8437D}.Debug|Win32.ActiveCfg = Debug|Win32
		{781B20F3-F4B2-4DF6-8B2B-4CCAE1A8437D}.Debug|Win32.Build.0 = Debug|Win32
		{781B20F3-F4B2-4DF6-8B2B-4CCAE1A8437D}.Debug|x64.ActiveCfg = Debug|Win32
		{781B20F3-F4B2-4DF6-8B2B-4CCAE1A8437D}.dummy|Win32.ActiveCfg = Debug|Win32
		{781B20F3-F4B2-4DF6-8B2B-4CCAE1A8437D}.dummy|Win32.Build.0 = Debug|Win32
		{781B20F3-F4B2-4DF6-8B2B-4CCAE1A8437D}.dummy|x64.ActiveCfg = Debug optimized|Win32
		{781B20F3-F4B2-4DF6-8B2B-4CCAE1A8437D}.Release NASM|Win32.ActiveCfg = Release|Win32
		{781B20F3-F4B2-4DF6-8B2B-4CCAE1A8437D}.Release NASM|Win32.Build.0 = Release|Win32
		{781B20F3-F4B2-4DF6-8B2B-4CCAE1A8437D}.Release NASM|x64.ActiveCfg = Release|Win32
		{781B20F3-F4B2-4DF6-8B2B-4CCAE1A8437D}.Release|Win32.ActiveCfg = Release|Win32
		{781B20F3-F4B2-4DF6-8B2B-4CCAE1A8437D}.Release|Win32.Build.0 = Release|Win32
		{781B20F3-F4B2-4DF6-8B2B-4CCAE1A8437D}.Release|x64.ActiveCfg = Release|Win32
		{E5195361-63CD-4C1B-8DD7-3E579779B1F6}.Debug GTK|Win32.ActiveCfg = Debug optimized|Win32
		{E5195361-63CD-4C1B-8DD7-3E579779B1F6}.Debug GTK|Win32.Build.0 = Debug optimized|Win32
		{E5195361-63CD-4C1B-8DD7-3E579779B1F6}.Debug GTK|x64.ActiveCfg = Debug optimized|Win32
		{E5195361-63CD-4C1B-8DD7-3E579779B1F6}.Debug optimized|Win32.ActiveCfg = Debug optimized|Win32
		{E5195361-63CD-4C1B-8DD7-3E579779B1F6}.Debug optimized|Win32.Build.0 = Debug optimized|Win32
		{E5195361-63CD-4C1B-8DD7-3E579779B1F6}.Debug optimized|x64.ActiveCfg = Debug optimized|Win32
		{E5195361-63CD-4C1B-8DD7-3E579779B1F6}.Debug|Win32.ActiveCfg = Debug|Win32
		{E5195361-63CD-4C1B-8DD7-3E579779B1F6}.Debug|Win32.Build.0 = Debug|Win32
		{E5195361-63CD-4C1B-8DD7-3E579779B1F6}.Debug|x64.ActiveCfg = Debug|Win32
		{E5195361-63CD-4C1B-8DD7-3E579779B1F6}.dummy|Win32.ActiveCfg = Debug|Win32
		{E5195361-63CD-4C1B-8DD7-3E579779B1F6}.dummy|Win32.Build.0 = Debug|Win32
		{E5195361-63CD-4C1B-8DD7-3E579779B1F6}.dummy|x64.ActiveCfg = Debug optimized|Win32
		{E5195361-63CD-4C1B-8DD7-3E579779B1F6}.Release NASM|Win32.ActiveCfg = Release|Win32
		{E5195361-63CD-4C1B-8DD7-3E579779B1F6}.Release NASM|Win32.Build.0 = Release|Win32
		{E5195361-63CD-4C1B-8DD7-3E579779B1F6}.Release NASM|x64.ActiveCfg = Release|Win32
		{E5195361-63CD-4C1B-8DD7-3E579779B1F6}.Release|Win32.ActiveCfg = Release|Win32
		{E5195361-63CD-4C1B-8DD7-3E579779B1F6}.Release|Win32.Build.0 = Release|Win32
		{E5195361-63CD-4C1B-8DD7-3E579779B1F6}.Release|x64.ActiveCfg = Release|Win32
		{D49527C2-9C97-4EF2-AECA-27088598C902}.Debug GTK|Win32.ActiveCfg = Debug optimized|Win32
		{D49527C2-9C97-4EF2-AECA-27088598C902}.Debug GTK|Win32.Build.0 = Debug optimized|Win32
		{D49527C2-9C97-4EF2-AECA-27088598C902}.Debug GTK|x64.ActiveCfg = Debug optimized|Win32
		{D49527C2-9C97-4EF2-AECA-27088598C902}.Debug optimized|Win32.ActiveCfg = Debug optimized|Win32
		{D49527C2-9C97-4EF2-AECA-27088598C902}.Debug optimized|Win32.Build.0 = Debug optimized|Win32
		{D49527C2-9C97-4EF2-AECA-27088598C902}.Debug optimized|x64.ActiveCfg = Debug optimized|Win32
		{D49527C2-9C97-4EF2-AECA-27088598C902}.Debug|Win32.ActiveCfg = Debug|Win32
		{D49527C2-9C97-4EF2-AECA-27088598C902}.Debug|Win32.Build.0 = Debug|Win32
		{D49527C2-9C97-4EF2-AECA-27088598C902}.Debug|x64.ActiveCfg = Debug|Win32
		{D49527C2-9C97-4EF2-AECA-27088598C902}.dummy|Win32.ActiveCfg = Debug|Win32
		{D49527C2-9C97-4EF2-AECA-27088598C902}.dummy|Win32.Build.0 = Debug|Win32
		{D49527C2-9C97-4EF2-AECA-27088598C902}.dummy|x64.ActiveCfg = Debug optimized|Win32
		{D49527C2-9C97-4EF2-AECA-27088598C902}.Release NASM|Win32.ActiveCfg = Release|Win32
		{D49527C2-9C97-4EF2-AECA-27088598C902}.Release NASM|Win32.Build.0 = Release|Win32
		{D49527C2-9C97-4EF2-AECA-27088598C902}.Release NASM|x64.ActiveCfg = Release|Win32
		{D49527C2-9C97-4EF2-AECA-27088598C902}.Release|Win32.ActiveCfg = Release|Win32
		{D49527C2-9C97-4EF2-AECA-27088598C902}.Release|Win32.Build.0 = Release|Win32
		{D49527C2-9C97-4EF2-AECA-27088598C902}.Release|x64.ActiveCfg = Release|Win32
		{D9EC16F9-5BF3-4CC2-AFB7-4B2169ED4ACF}.Debug GTK|Win32.ActiveCfg = Debug optimized|Win32
		{D9EC16F9-5BF3-4CC2-AFB7-4B2169ED4ACF}.Debug GTK|Win32.Build.0 = Debug optimized|Win32
		{D9EC16F9-5BF3-4CC2-AFB7-4B2169ED4ACF}.Debug GTK|x64.ActiveCfg = Debug optimized|Win32
		{D9EC16F9-5BF3-4CC2-AFB7-4B2169ED4ACF}.Debug optimized|Win32.ActiveCfg = Debug optimized|Win32
		{D9EC16F9-5BF3-4CC2-AFB7-4B2169ED4ACF}.Debug optimized|Win32.Build.0 = Debug optimized|Win32
		{D9EC16F9-5BF3-4CC2-AFB7-4B2169ED4ACF}.Debug optimized|x64.ActiveCfg = Debug optimized|Win32
		{D9EC16F9-5BF3-4CC2-AFB7-4B2169ED4ACF}.Debug|Win32.ActiveCfg = Debug|Win32
		{D9EC16F9-5BF3-4CC2-AFB7-4B2169ED4ACF}.Debug|Win32.Build.0 = Debug|Win32
		{D9EC16F9-5BF3-4CC2-AFB7-4B2169ED4ACF}.Debug|x64.ActiveCfg = Debug|Win32
		{D9EC16F9-5BF3-4CC2-AFB7-4B2169ED4ACF}.dummy|Win32.ActiveCfg = Debug|Win32
		{D9EC16F9-5BF3-4CC2-AFB7-4B2169ED4ACF}.dummy|Win32.Build.0 = Debug|Win32
		{D9EC16F9-5BF3-4CC2-AFB7-4B2169ED4ACF}.dummy|x64.ActiveCfg = Debug optimized|Win32
		{D9EC16F9-5BF3-4CC2-AFB7-4B2169ED4ACF}.Release NASM|Win32.ActiveCfg = Release|Win32
		{D9EC16F9-5BF3-4CC2-AFB7-4B2169ED4ACF}.Release NASM|Win32.Build.0 = Release|Win32
		{D9EC16F9-5BF3-4CC2-AFB7-4B2169ED4ACF}.Release NASM|x64.ActiveCfg = Release|Win32
		{D9EC16F9-5BF3-4CC2-AFB7-4B2169ED4ACF}.Release|Win32.ActiveCfg = Release|Win32
		{D9EC16F9-5BF3-4CC2-AFB7-4B2169ED4ACF}.Release|Win32.Build.0 = Release|Win32
		{D9EC16F9-5BF3-4CC2-AFB7-4B2169ED4ACF}.Release|x64.ActiveCfg = Release|Win32
		{B84F7231-16CE-41D8-8C08-7B523FF4225B}.Debug GTK|Win32.ActiveCfg = Debug optimized|Win32
		{B84F7231-16CE-41D8-8C08-7B523FF4225B}.Debug GTK|Win32.Build.0 = Debug optimized|Win32
		{B84F7231-16CE-41D8-8C08-7B523FF4225B}.Debug GTK|x64.ActiveCfg = Debug optimized|Win32
		{B84F7231-16CE-41D8-8C08-7B523FF4225B}.Debug optimized|Win32.ActiveCfg = Debug optimized|Win32
		{B84F7231-16CE-41D8-8C08-7B523FF4225B}.Debug optimized|Win32.Build.0 = Debug optimized|Win32
		{B84F7231-16CE-41D8-8C08-7B523FF4225B}.Debug optimized|x64.ActiveCfg = Debug optimized|Win32
		{B84F7231-16CE-41D8-8C08-7B523FF4225B}.Debug|Win32.ActiveCfg = Debug|Win32
		{B84F7231-16CE-41D8-8C08-7B523FF4225B}.Debug|Win32.Build.0 = Debug|Win32
		{B84F7231-16CE-41D8-8C08-7B523FF4225B}.Debug|x64.ActiveCfg = Debug|Win32
		{B84F7231-16CE-41D8-8C08-7B523FF4225B}.dummy|Win32.ActiveCfg = dummy|Win32
		{B84F7231-16CE-41D8-8C08-7B523FF4225B}.dummy|Win32.Build.0 = dummy|Win32
		{B84F7231-16CE-41D8-8C08-7B523FF4225B}.dummy|x64.ActiveCfg = dummy|Win32
		{B84F7231-16CE-41D8-8C08-7B523FF4225B}.Release NASM|Win32.ActiveCfg = Release|Win32
		{B84F7231-16CE-41D8-8C08-7B523FF4225B}.Release NASM|Win32.Build.0 = Release|Win32
		{B84F7231-16CE-41D8-8C08-7B523FF4225B}.Release NASM|x64.ActiveCfg = Release|Win32
		{B84F7231-16CE-41D8-8C08-7B523FF4225B}.Release|Win32.ActiveCfg = Release|Win32
		{B84F7231-16CE-41D8-8C08-7B523FF4225B}.Release|Win32.Build.0 = Release|Win32
		{B84F7231-16CE-41D8-8C08-7B523FF4225B}.Release|x64.ActiveCfg = Release|Win32
		{3B54895F-4C38-4A5B-9A63-0AF78E03FF7F}.Debug GTK|Win32.ActiveCfg = Debug optimized|Win32
		{3B54895F-4C38-4A5B-9A63-0AF78E03FF7F}.Debug GTK|Win32.Build.0 = Debug optimized|Win32
		{3B54895F-4C38-4A5B-9A63-0AF78E03FF7F}.Debug GTK|x64.ActiveCfg = Debug optimized|Win32
		{3B54895F-4C38-4A5B-9A63-0AF78E03FF7F}.Debug optimized|Win32.ActiveCfg = Debug optimized|Win32
		{3B54895F-4C38-4A5B-9A63-0AF78E03FF7F}.Debug optimized|Win32.Build.0 = Debug optimized|Win32
		{3B54895F-4C38-4A5B-9A63-0AF78E03FF7F}.Debug optimized|x64.ActiveCfg = Debug optimized|Win32
		{3B54895F-4C38-4A5B-9A63-0AF78E03FF7F}.Debug|Win32.ActiveCfg = Debug|Win32
		{3B54895F-4C38-4A5B-9A63-0AF78E03FF7F}.Debug|Win32.Build.0 = Debug|Win32
		{3B54895F-4C38-4A5B-9A63-0AF78E03FF7F}.Debug|x64.ActiveCfg = Debug|Win32
		{3B54895F-4C38-4A5B-9A63-0AF78E03FF7F}.dummy|Win32.ActiveCfg = Debug|Win32
		{3B54895F-4C38-4A5B-9A63-0AF78E03FF7F}.dummy|Win32.Build.0 = Debug|Win32
		{3B54895F-4C38-4A5B-9A63-0AF78E03FF7F}.dummy|x64.ActiveCfg = Debug optimized|Win32
		{3B54895F-4C38-4A5B-9A63-0AF78E03FF7F}.Release NASM|Win32.ActiveCfg = Release|Win32
		{3B54895F-4C38-4A5B-9A63-0AF78E03FF7F}.Release NASM|Win32.Build.0 = Release|Win32
		{3B54895F-4C38-4A5B-9A63-0AF78E03FF7F}.Release NASM|x64.ActiveCfg = Release|Win32
		{3B54895F-4C38-4A5B-9A63-0AF78E03FF7F}.Release|Win32.ActiveCfg = Release|Win32
		{3B54895F-4C38-4A5B-9A63-0AF78E03FF7F}.Release|Win32.Build.0 = Release|Win32
		{3B54895F-4C38-4A5B-9A63-0AF78E03FF7F}.Release|x64.ActiveCfg = Release|Win32
		{2C5E5D6E-67FB-4F7C-B64F-57CB9F6472A1}.Debug GTK|Win32.ActiveCfg = Debug optimized|Win32
		{2C5E5D6E-67FB-4F7C-B64F-57CB9F6472A1}.Debug GTK|Win32.Build.0 = Debug optimized|Win32
		{2C5E5D6E-67FB-4F7C-B64F-57CB9F6472A1}.Debug GTK|x64.ActiveCfg = Debug optimized|Win32
		{2C5E5D6E-67FB-4F7C-B64F-57CB9F6472A1}.Debug optimized|Win32.ActiveCfg = Debug optimized|Win32
		{2C5E5D6E-67FB-4F7C-B64F-57CB9F6472A1}.Debug optimized|Win32.Build.0 = Debug optimized|Win32
		{2C5E5D6E-67FB-4F7C-B64F-57CB9F6472A1}.Debug optimized|x64.ActiveCfg = Debug optimized|Win32
		{2C5E5D6E-67FB-4F7C-B64F-57CB9F6472A1}.Debug|Win32.ActiveCfg = Debug|Win32
		{2C5E5D6E-67FB-4F7C-B64F-57CB9F6472A1}.Debug|Win32.Build.0 = Debug|Win32
		{2C5E5D6E-67FB-4F7C-B64F-57CB9F6472A1}.Debug|x64.ActiveCfg = Debug|Win32
		{2C5E5D6E-67FB-4F7C-B64F-57CB9F6472A1}.dummy|Win32.ActiveCfg = Debug|Win32
		{2C5E5D6E-67FB-4F7C-B64F-57CB9F6472A1}.dummy|Win32.Build.0 = Debug|Win32
		{2C5E5D6E-67FB-4F7C-B64F-57CB9F6472A1}.dummy|x64.ActiveCfg = Debug optimized|Win32
		{2C5E5D6E-67FB-4F7C-B64F-57CB9F6472A1}.Release NASM|Win32.ActiveCfg = Release|Win32
		{2C5E5D6E-67FB-4F7C-B64F-57CB9F6472A1}.Release NASM|Win32.Build.0 = Release|Win32
		{2C5E5D6E-67FB-4F7C-B64F-57CB9F6472A1}.Release NASM|x64.ActiveCfg = Release|Win32
		{2C5E5D6E-67FB-4F7C-B64F-57CB9F6472A1}.Release|Win32.ActiveCfg = Release|Win32
		{2C5E5D6E-67FB-4F7C-B64F-57CB9F6472A1}.Release|Win32.Build.0 = Release|Win32
		{2C5E5D6E-67FB-4F7C-B64F-57CB9F6472A1}.Release|x64.ActiveCfg = Release|Win32
		{70A70DFD-6FB5-4300-895E-5FB26DE7AED7}.Debug GTK|Win32.ActiveCfg = Debug optimized|Win32
		{70A70DFD-6FB5-4300-895E-5FB26DE7AED7}.Debug GTK|Win32.Build.0 = Debug optimized|Win32
		{70A70DFD-6FB5-4300-895E-5FB26DE7AED7}.Debug GTK|x64.ActiveCfg = Debug optimized|Win32
		{70A70DFD-6FB5-4300-895E-5FB26DE7AED7}.Debug optimized|Win32.ActiveCfg = Debug optimized|Win32
		{70A70DFD-6FB5-4300-895E-5FB26DE7AED7}.Debug optimized|Win32.Build.0 = Debug optimized|Win32
		{70A70DFD-6FB5-4300-895E-5FB26DE7AED7}.Debug optimized|x64.ActiveCfg = Debug optimized|Win32
		{70A70DFD-6FB5-4300-895E-5FB26DE7AED7}.Debug|Win32.ActiveCfg = Debug|Win32
		{70A70DFD-6FB5-4300-895E-5FB26DE7AED7}.Debug|Win32.Build.0 = Debug|Win32
		{70A70DFD-6FB5-4300-895E-5FB26DE7AED7}.Debug|x64.ActiveCfg = Debug|Win32
		{70A70DFD-6FB5-4300-895E-5FB26DE7AED7}.dummy|Win32.ActiveCfg = Debug|Win32
		{70A70DFD-6FB5-4300-895E-5FB26DE7AED7}.dummy|Win32.Build.0 = Debug|Win32
		{70A70DFD-6FB5-4300-895E-5FB26DE7AED7}.dummy|x64.ActiveCfg = Debug optimized|Win32
		{70A70DFD-6FB5-4300-895E-5FB26DE7AED7}.Release NASM|Win32.ActiveCfg = Release|Win32
		{70A70DFD-6FB5-4300-895E-5FB26DE7AED7}.Release NASM|Win32.Build.0 = Release|Win32
		{70A70DFD-6FB5-4300-895E-5FB26DE7AED7}.Release NASM|x64.ActiveCfg = Release|Win32
		{70A70DFD-6FB5-4300-895E-5FB26DE7AED7}.Release|Win32.ActiveCfg = Release|Win32
		{70A70DFD-6FB5-4300-895E-5FB26DE7AED7}.Release|Win32.Build.0 = Release|Win32
		{70A70DFD-6FB5-4300-895E-5FB26DE7AED7}.Release|x64.ActiveCfg = Release|Win32
		{0078B45C-F736-4557-8DE3-6FB76BA5FDE0}.Debug GTK|Win32.ActiveCfg = Debug optimized|Win32
		{0078B45C-F736-4557-8DE3-6FB76BA5FDE0}.Debug GTK|Win32.Build.0 = Debug optimized|Win32
		{0078B45C-F736-4557-8DE3-6FB76BA5FDE0}.Debug GTK|x64.ActiveCfg = Debug optimized|Win32
		{0078B45C-F736-4557-8DE3-6FB76BA5FDE0}.Debug optimized|Win32.ActiveCfg = Debug optimized|Win32
		{0078B45C-F736-4557-8DE3-6FB76BA5FDE0}.Debug optimized|Win32.Build.0 = Debug optimized|Win32
		{0078B45C-F736-4557-8DE3-6FB76BA5FDE0}.Debug optimized|x64.ActiveCfg = Debug optimized|Win32
		{0078B45C-F736-4557-8DE3-6FB76BA5FDE0}.Debug|Win32.ActiveCfg = Debug|Win32
		{0078B45C-F736-4557-8DE3-6FB76BA5FDE0}.Debug|Win32.Build.0 = Debug|Win32
		{0078B45C-F736-4557-8DE3-6FB76BA5FDE0}.Debug|x64.ActiveCfg = Debug|Win32
		{0078B45C-F736-4557-8DE3-6FB76BA5FDE0}.dummy|Win32.ActiveCfg = Debug|Win32
		{0078B45C-F736-4557-8DE3-6FB76BA5FDE0}.dummy|Win32.Build.0 = Debug|Win32
		{0078B45C-F736-4557-8DE3-6FB76BA5FDE0}.dummy|x64.ActiveCfg = Debug optimized|Win32
		{0078B45C-F736-4557-8DE3-6FB76BA5FDE0}.Release NASM|Win32.ActiveCfg = Release|Win32
		{0078B45C-F736-4557-8DE3-6FB76BA5FDE0}.Release NASM|Win32.Build.0 = Release|Win32
		{0078B45C-F736-4557-8DE3-6FB76BA5FDE0}.Release NASM|x64.ActiveCfg = Release|Win32
		{0078B45C-F736-4557-8DE3-6FB76BA5FDE0}.Release|Win32.ActiveCfg = Release|Win32
		{0078B45C-F736-4557-8DE3-6FB76BA5FDE0}.Release|Win32.Build.0 = Release|Win32
		{0078B45C-F736-4557-8DE3-6FB76BA5FDE0}.Release|x64.ActiveCfg = Release|Win32
		{B2A7219A-6B9B-4B04-8EF7-13357DD8AB4D}.Debug GTK|Win32.ActiveCfg = Debug optimized|Win32
		{B2A7219A-6B9B-4B04-8EF7-13357DD8AB4D}.Debug GTK|Win32.Build.0 = Debug optimized|Win32
		{B2A7219A-6B9B-4B04-8EF7-13357DD8AB4D}.Debug GTK|x64.ActiveCfg = Debug optimized|Win32
		{B2A7219A-6B9B-4B04-8EF7-13357DD8AB4D}.Debug optimized|Win32.ActiveCfg = Debug optimized|Win32
		{B2A7219A-6B9B-4B04-8EF7-13357DD8AB4D}.Debug optimized|Win32.Build.0 = Debug optimized|Win32
		{B2A7219A-6B9B-4B04-8EF7-13357DD8AB4D}.Debug optimized|x64.ActiveCfg = Debug optimized|Win32
		{B2A7219A-6B9B-4B04-8EF7-13357DD8AB4D}.Debug|Win32.ActiveCfg = Debug|Win32
		{B2A7219A-6B9B-4B04-8EF7-13357DD8AB4D}.Debug|Win32.Build.0 = Debug|Win32
		{B2A7219A-6B9B-4B04-8EF7-13357DD8AB4D}.Debug|x64.ActiveCfg = Debug|Win32
		{B2A7219A-6B9B-4B04-8EF7-13357DD8AB4D}.dummy|Win32.ActiveCfg = Debug|Win32
		{B2A7219A-6B9B-4B04-8EF7-13357DD8AB4D}.dummy|Win32.Build.0 = Debug|Win32
		{B2A7219A-6B9B-4B04-8EF7-13357DD8AB4D}.dummy|x64.ActiveCfg = Debug optimized|Win32
		{B2A7219A-6B9B-4B04-8EF7-13357DD8AB4D}.Release NASM|Win32.ActiveCfg = Release|Win32
		{B2A7219A-6B9B-4B04-8EF7-13357DD8AB4D}.Release NASM|Win32.Build.0 = Release|Win32
		{B2A7219A-6B9B-4B04-8EF7-13357DD8AB4D}.Release NASM|x64.ActiveCfg = Release|Win32
		{B2A7219A-6B9B-4B04-8EF7-13357DD8AB4D}.Release|Win32.ActiveCfg = Release|Win32
		{B2A7219A-6B9B-4B04-8EF7-13357DD8AB4D}.Release|Win32.Build.0 = Release|Win32
		{B2A7219A-6B9B-4B04-8EF7-13357DD8AB4D}.Release|x64.ActiveCfg = Release|Win32
		{17C22ED1-220D-4F69-85F0-8A86B5FBE976}.Debug GTK|Win32.ActiveCfg = Debug optimized|Win32
		{17C22ED1-220D-4F69-85F0-8A86B5FBE976}.Debug GTK|Win32.Build.0 = Debug optimized|Win32
		{17C22ED1-220D-4F69-85F0-8A86B5FBE976}.Debug GTK|x64.ActiveCfg = Debug optimized|Win32
		{17C22ED1-220D-4F69-85F0-8A86B5FBE976}.Debug optimized|Win32.ActiveCfg = Debug optimized|Win32
		{17C22ED1-220D-4F69-85F0-8A86B5FBE976}.Debug optimized|Win32.Build.0 = Debug optimized|Win32
		{17C22ED1-220D-4F69-85F0-8A86B5FBE976}.Debug optimized|x64.ActiveCfg = Debug optimized|Win32
		{17C22ED1-220D-4F69-85F0-8A86B5FBE976}.Debug|Win32.ActiveCfg = Debug|Win32
		{17C22ED1-220D-4F69-85F0-8A86B5FBE976}.Debug|Win32.Build.0 = Debug|Win32
		{17C22ED1-220D-4F69-85F0-8A86B5FBE976}.Debug|x64.ActiveCfg = Debug|Win32
		{17C22ED1-220D-4F69-85F0-8A86B5FBE976}.dummy|Win32.ActiveCfg = Debug|Win32
		{17C22ED1-220D-4F69-85F0-8A86B5FBE976}.dummy|Win32.Build.0 = Debug|Win32
		{17C22ED1-220D-4F69-85F0-8A86B5FBE976}.dummy|x64.ActiveCfg = Debug optimized|Win32
		{17C22ED1-220D-4F69-85F0-8A86B5FBE976}.Release NASM|Win32.ActiveCfg = Release|Win32
		{17C22ED1-220D-4F69-85F0-8A86B5FBE976}.Release NASM|Win32.Build.0 = Release|Win32
		{17C22ED1-220D-4F69-85F0-8A86B5FBE976}.Release NASM|x64.ActiveCfg = Release|Win32
		{17C22ED1-220D-4F69-85F0-8A86B5FBE976}.Release|Win32.ActiveCfg = Release|Win32
		{17C22ED1-220D-4F69-85F0-8A86B5FBE976}.Release|Win32.Build.0 = Release|Win32
		{17C22ED1-220D-4F69-85F0-8A86B5FBE976}.Release|x64.ActiveCfg = Release|Win32
		{FE9AA165-B26F-4D00-8044-5BCB2FBC7ECA}.Debug GTK|Win32.ActiveCfg = Debug optimized|Win32
		{FE9AA165-B26F-4D00-8044-5BCB2FBC7ECA}.Debug GTK|Win32.Build.0 = Debug optimized|Win32
		{FE9AA165-B26F-4D00-8044-5BCB2FBC7ECA}.Debug GTK|x64.ActiveCfg = Debug optimized|Win32
		{FE9AA165-B26F-4D00-8044-5BCB2FBC7ECA}.Debug optimized|Win32.ActiveCfg = Debug optimized|Win32
		{FE9AA165-B26F-4D00-8044-5BCB2FBC7ECA}.Debug optimized|Win32.Build.0 = Debug optimized|Win32
		{FE9AA165-B26F-4D00-8044-5BCB2FBC7ECA}.Debug optimized|x64.ActiveCfg = Debug optimized|Win32
		{FE9AA165-B26F-4D00-8044-5BCB2FBC7ECA}.Debug|Win32.ActiveCfg = Debug|Win32
		{FE9AA165-B26F-4D00-8044-5BCB2FBC7ECA}.Debug|Win32.Build.0 = Debug|Win32
		{FE9AA165-B26F-4D00-8044-5BCB2FBC7ECA}.Debug|x64.ActiveCfg = Debug|Win32
		{FE9AA165-B26F-4D00-8044-5BCB2FBC7ECA}.dummy|Win32.ActiveCfg = Debug|Win32
		{FE9AA165-B26F-4D00-8044-5BCB2FBC7ECA}.dummy|Win32.Build.0 = Debug|Win32
		{FE9AA165-B26F-4D00-8044-5BCB2FBC7ECA}.dummy|x64.ActiveCfg = Debug optimized|Win32
		{FE9AA165-B26F-4D00-8044-5BCB2FBC7ECA}.Release NASM|Win32.ActiveCfg = Release|Win32
		{FE9AA165-B26F-4D00-8044-5BCB2FBC7ECA}.Release NASM|Win32.Build.0 = Release|Win32
		{FE9AA165-B26F-4D00-8044-5BCB2FBC7ECA}.Release NASM|x64.ActiveCfg = Release|Win32
		{FE9AA165-B26F-4D00-8044-5BCB2FBC7ECA}.Release|Win32.ActiveCfg = Release|Win32
		{FE9AA165-B26F-4D00-8044-5BCB2FBC7ECA}.Release|Win32.Build.0 = Release|Win32
		{FE9AA165-B26F-4D00-8044-5BCB2FBC7ECA}.Release|x64.ActiveCfg = Release|Win32
		{3F58AE85-7938-4FB9-8691-A99F32CBE366}.Debug GTK|Win32.ActiveCfg = Debug optimized|Win32
		{3F58AE85-7938-4FB9-8691-A99F32CBE366}.Debug GTK|Win32.Build.0 = Debug optimized|Win32
		{3F58AE85-7938-4FB9-8691-A99F32CBE366}.Debug GTK|x64.ActiveCfg = Debug optimized|Win32
		{3F58AE85-7938-4FB9-8691-A99F32CBE366}.Debug optimized|Win32.ActiveCfg = Debug optimized|Win32
		{3F58AE85-7938-4FB9-8691-A99F32CBE366}.Debug optimized|Win32.Build.0 = Debug optimized|Win32
		{3F58AE85-7938-4FB9-8691-A99F32CBE366}.Debug optimized|x64.ActiveCfg = Debug optimized|Win32
		{3F58AE85-7938-4FB9-8691-A99F32CBE366}.Debug|Win32.ActiveCfg = Debug|Win32
		{3F58AE85-7938-4FB9-8691-A99F32CBE366}.Debug|Win32.Build.0 = Debug|Win32
		{3F58AE85-7938-4FB9-8691-A99F32CBE366}.Debug|x64.ActiveCfg = Debug|Win32
		{3F58AE85-7938-4FB9-8691-A99F32CBE366}.dummy|Win32.ActiveCfg = Debug|Win32
		{3F58AE85-7938-4FB9-8691-A99F32CBE366}.dummy|Win32.Build.0 = Debug|Win32
		{3F58AE85-7938-4FB9-8691-A99F32CBE366}.dummy|x64.ActiveCfg = Debug optimized|Win32
		{3F58AE85-7938-4FB9-8691-A99F32CBE366}.Release NASM|Win32.ActiveCfg = Release|Win32
		{3F58AE85-7938-4FB9-8691-A99F32CBE366}.Release NASM|Win32.Build.0 = Release|Win32
		{3F58AE85-7938-4FB9-8691-A99F32CBE366}.Release NASM|x64.ActiveCfg = Release|Win32
		{3F58AE85-7938-4FB9-8691-A99F32CBE366}.Release|Win32.ActiveCfg = Release|Win32
		{3F58AE85-7938-4FB9-8691-A99F32CBE366}.Release|Win32.Build.0 = Release|Win32
		{3F58AE85-7938-4FB9-8691-A99F32CBE366}.Release|x64.ActiveCfg = Release|Win32
		{D2B854CC-1D97-47CA-BB33-38B2E0E82BEB}.Debug GTK|Win32.ActiveCfg = Debug optimized|Win32
		{D2B854CC-1D97-47CA-BB33-38B2E0E82BEB}.Debug GTK|Win32.Build.0 = Debug optimized|Win32
		{D2B854CC-1D97-47CA-BB33-38B2E0E82BEB}.Debug GTK|x64.ActiveCfg = Debug optimized|Win32
		{D2B854CC-1D97-47CA-BB33-38B2E0E82BEB}.Debug optimized|Win32.ActiveCfg = Debug optimized|Win32
		{D2B854CC-1D97-47CA-BB33-38B2E0E82BEB}.Debug optimized|Win32.Build.0 = Debug optimized|Win32
		{D2B854CC-1D97-47CA-BB33-38B2E0E82BEB}.Debug optimized|x64.ActiveCfg = Debug optimized|Win32
		{D2B854CC-1D97-47CA-BB33-38B2E0E82BEB}.Debug|Win32.ActiveCfg = Debug|Win32
		{D2B854CC-1D97-47CA-BB33-38B2E0E82BEB}.Debug|Win32.Build.0 = Debug|Win32
		{D2B854CC-1D97-47CA-BB33-38B2E0E82BEB}.Debug|x64.ActiveCfg = Debug|Win32
		{D2B854CC-1D97-47CA-BB33-38B2E0E82BEB}.dummy|Win32.ActiveCfg = Debug|Win32
		{D2B854CC-1D97-47CA-BB33-38B2E0E82BEB}.dummy|Win32.Build.0 = Debug|Win32
		{D2B854CC-1D97-47CA-BB33-38B2E0E82BEB}.dummy|x64.ActiveCfg = Debug optimized|Win32
		{D2B854CC-1D97-47CA-BB33-38B2E0E82BEB}.Release NASM|Win32.ActiveCfg = Release|Win32
		{D2B854CC-1D97-47CA-BB33-38B2E0E82BEB}.Release NASM|Win32.Build.0 = Release|Win32
		{D2B854CC-1D97-47CA-BB33-38B2E0E82BEB}.Release NASM|x64.ActiveCfg = Release|Win32
		{D2B854CC-1D97-47CA-BB33-38B2E0E82BEB}.Release|Win32.ActiveCfg = Release|Win32
		{D2B854CC-1D97-47CA-BB33-38B2E0E82BEB}.Release|Win32.Build.0 = Release|Win32
		{D2B854CC-1D97-47CA-BB33-38B2E0E82BEB}.Release|x64.ActiveCfg = Release|Win32
		{0270A297-5BC7-4C75-9B9E-ED89623E3FB4}.Debug GTK|Win32.ActiveCfg = Debug optimized|Win32
		{0270A297-5BC7-4C75-9B9E-ED89623E3FB4}.Debug GTK|Win32.Build.0 = Debug optimized|Win32
		{0270A297-5BC7-4C75-9B9E-ED89623E3FB4}.Debug GTK|x64.ActiveCfg = Debug optimized|Win32
		{0270A297-5BC7-4C75-9B9E-ED89623E3FB4}.Debug optimized|Win32.ActiveCfg = Debug optimized|Win32
		{0270A297-5BC7-4C75-9B9E-ED89623E3FB4}.Debug optimized|Win32.Build.0 = Debug optimized|Win32
		{0270A297-5BC7-4C75-9B9E-ED89623E3FB4}.Debug optimized|x64.ActiveCfg = Debug optimized|Win32
		{0270A297-5BC7-4C75-9B9E-ED89623E3FB4}.Debug|Win32.ActiveCfg = Debug|Win32
		{0270A297-5BC7-4C75-9B9E-ED89623E3FB4}.Debug|Win32.Build.0 = Debug|Win32
		{0270A297-5BC7-4C75-9B9E-ED89623E3FB4}.Debug|x64.ActiveCfg = Debug|Win32
		{0270A297-5BC7-4C75-9B9E-ED89623E3FB4}.dummy|Win32.ActiveCfg = Debug|Win32
		{0270A297-5BC7-4C75-9B9E-ED89623E3FB4}.dummy|Win32.Build.0 = Debug|Win32
		{0270A297-5BC7-4C75-9B9E-ED89623E3FB4}.dummy|x64.ActiveCfg = Debug optimized|Win32
		{0270A297-5BC7-4C75-9B9E-ED89623E3FB4}.Release NASM|Win32.ActiveCfg = Release|Win32
		{0270A297-5BC7-4C75-9B9E-ED89623E3FB4}.Release NASM|Win32.Build.0 = Release|Win32
		{0270A297-5BC7-4C75-9B9E-ED89623E3FB4}.Release NASM|x64.ActiveCfg = Release|Win32
		{0270A297-5BC7-4C75-9B9E-ED89623E3FB4}.Release|Win32.ActiveCfg = Release|Win32
		{0270A297-5BC7-4C75-9B9E-ED89623E3FB4}.Release|Win32.Build.0 = Release|Win32
		{0270A297-5BC7-4C75-9B9E-ED89623E3FB4}.Release|x64.ActiveCfg = Release|Win32
		{C3C92529-222E-4BFB-AABC-BA4FDBDA5456}.Debug GTK|Win32.ActiveCfg = Debug optimized|Win32
		{C3C92529-222E-4BFB-AABC-BA4FDBDA5456}.Debug GTK|Win32.Build.0 = Debug optimized|Win32
		{C3C92529-222E-4BFB-AABC-BA4FDBDA5456}.Debug GTK|x64.ActiveCfg = Debug optimized|Win32
		{C3C92529-222E-4BFB-AABC-BA4FDBDA5456}.Debug optimized|Win32.ActiveCfg = Debug optimized|Win32
		{C3C92529-222E-4BFB-AABC-BA4FDBDA5456}.Debug optimized|Win32.Build.0 = Debug optimized|Win32
		{C3C92529-222E-4BFB-AABC-BA4FDBDA5456}.Debug optimized|x64.ActiveCfg = Debug optimized|Win32
		{C3C92529-222E-4BFB-AABC-BA4FDBDA5456}.Debug|Win32.ActiveCfg = Debug|Win32
		{C3C92529-222E-4BFB-AABC-BA4FDBDA5456}.Debug|Win32.Build.0 = Debug|Win32
		{C3C92529-222E-4BFB-AABC-BA4FDBDA5456}.Debug|x64.ActiveCfg = Debug|Win32
		{C3C92529-222E-4BFB-AABC-BA4FDBDA5456}.dummy|Win32.ActiveCfg = Debug|Win32
		{C3C92529-222E-4BFB-AABC-BA4FDBDA5456}.dummy|Win32.Build.0 = Debug|Win32
		{C3C92529-222E-4BFB-AABC-BA4FDBDA5456}.dummy|x64.ActiveCfg = Debug optimized|Win32
		{C3C92529-222E-4BFB-AABC-BA4FDBDA5456}.Release NASM|Win32.ActiveCfg = Release|Win32
		{C3C92529-222E-4BFB-AABC-BA4FDBDA5456}.Release NASM|Win32.Build.0 = Release|Win32
		{C3C92529-222E-4BFB-AABC-BA4FDBDA5456}.Release NASM|x64.ActiveCfg = Release|Win32
		{C3C92529-222E-4BFB-AABC-BA4FDBDA5456}.Release|Win32.ActiveCfg = Release|Win32
		{C3C92529-222E-4BFB-AABC-BA4FDBDA5456}.Release|Win32.Build.0 = Release|Win32
		{C3C92529-222E-4BFB-AABC-BA4FDBDA5456}.Release|x64.ActiveCfg = Release|Win32
		{4E774715-2DF7-40A3-9DF7-D93A12106040}.Debug GTK|Win32.ActiveCfg = Debug optimized|Win32
		{4E774715-2DF7-40A3-9DF7-D93A12106040}.Debug GTK|Win32.Build.0 = Debug optimized|Win32
		{4E774715-2DF7-40A3-9DF7-D93A12106040}.Debug GTK|x64.ActiveCfg = Debug optimized|Win32
		{4E774715-2DF7-40A3-9DF7-D93A12106040}.Debug optimized|Win32.ActiveCfg = Debug optimized|Win32
		{4E774715-2DF7-40A3-9DF7-D93A12106040}.Debug optimized|Win32.Build.0 = Debug optimized|Win32
		{4E774715-2DF7-40A3-9DF7-D93A12106040}.Debug optimized|x64.ActiveCfg = Debug optimized|Win32
		{4E774715-2DF7-40A3-9DF7-D93A12106040}.Debug|Win32.ActiveCfg = Debug|Win32
		{4E774715-2DF7-40A3-9DF7-D93A12106040}.Debug|Win32.Build.0 = Debug|Win32
		{4E774715-2DF7-40A3-9DF7-D93A12106040}.Debug|x64.ActiveCfg = Debug|Win32
		{4E774715-2DF7-40A3-9DF7-D93A12106040}.dummy|Win32.ActiveCfg = Debug|Win32
		{4E774715-2DF7-40A3-9DF7-D93A12106040}.dummy|Win32.Build.0 = Debug|Win32
		{4E774715-2DF7-40A3-9DF7-D93A12106040}.dummy|x64.ActiveCfg = Debug optimized|Win32
		{4E774715-2DF7-40A3-9DF7-D93A12106040}.Release NASM|Win32.ActiveCfg = Release|Win32
		{4E774715-2DF7-40A3-9DF7-D93A12106040}.Release NASM|Win32.Build.0 = Release|Win32
		{4E774715-2DF7-40A3-9DF7-D93A12106040}.Release NASM|x64.ActiveCfg = Release|Win32
		{4E774715-2DF7-40A3-9DF7-D93A12106040}.Release|Win32.ActiveCfg = Release|Win32
		{4E774715-2DF7-40A3-9DF7-D93A12106040}.Release|Win32.Build.0 = Release|Win32
		{4E774715-2DF7-40A3-9DF7-D93A12106040}.Release|x64.ActiveCfg = Release|Win32
		{33CE6C02-5719-4A1D-85D2-509D44B63322}.Debug GTK|Win32.ActiveCfg = Debug optimized|Win32
		{33CE6C02-5719-4A1D-85D2-509D44B63322}.Debug GTK|Win32.Build.0 = Debug optimized|Win32
		{33CE6C02-5719-4A1D-85D2-509D44B63322}.Debug GTK|x64.ActiveCfg = Debug optimized|Win32
		{33CE6C02-5719-4A1D-85D2-509D44B63322}.Debug optimized|Win32.ActiveCfg = Debug optimized|Win32
		{33CE6C02-5719-4A1D-85D2-509D44B63322}.Debug optimized|Win32.Build.0 = Debug optimized|Win32
		{33CE6C02-5719-4A1D-85D2-509D44B63322}.Debug optimized|x64.ActiveCfg = Debug optimized|Win32
		{33CE6C02-5719-4A1D-85D2-509D44B63322}.Debug|Win32.ActiveCfg = Debug|Win32
		{33CE6C02-5719-4A1D-85D2-509D44B63322}.Debug|Win32.Build.0 = Debug|Win32
		{33CE6C02-5719-4A1D-85D2-509D44B63322}.Debug|x64.ActiveCfg = Debug|Win32
		{33CE6C02-5719-4A1D-85D2-509D44B63322}.dummy|Win32.ActiveCfg = Debug|Win32
		{33CE6C02-5719-4A1D-85D2-509D44B63322}.dummy|Win32.Build.0 = Debug|Win32
		{33CE6C02-5719-4A1D-85D2-509D44B63322}.dummy|x64.ActiveCfg = Debug optimized|Win32
		{33CE6C02-5719-4A1D-85D2-509D44B63322}.Release NASM|Win32.ActiveCfg = Release|Win32
		{33CE6C02-5719-4A1D-85D2-509D44B63322}.Release NASM|Win32.Build.0 = Release|Win32
		{33CE6C02-5719-4A1D-85D2-509D44B63322}.Release NASM|x64.ActiveCfg = Release|Win32
		{33CE6C02-5719-4A1D-85D2-509D44B63322}.Release|Win32.ActiveCfg = Release|Win32
		{33CE6C02-5719-4A1D-85D2-509D44B63322}.Release|Win32.Build.0 = Release|Win32
		{33CE6C02-5719-4A1D-85D2-509D44B63322}.Release|x64.ActiveCfg = Release|Win32
		{B86B49EE-B3F6-4079-A1A5-1A5B92DBEFD2}.Debug GTK|Win32.ActiveCfg = Debug optimized|Win32
		{B86B49EE-B3F6-4079-A1A5-1A5B92DBEFD2}.Debug GTK|Win32.Build.0 = Debug optimized|Win32
		{B86B49EE-B3F6-4079-A1A5-1A5B92DBEFD2}.Debug GTK|x64.ActiveCfg = Debug optimized|Win32
		{B86B49EE-B3F6-4079-A1A5-1A5B92DBEFD2}.Debug optimized|Win32.ActiveCfg = Debug optimized|Win32
		{B86B49EE-B3F6-4079-A1A5-1A5B92DBEFD2}.Debug optimized|Win32.Build.0 = Debug optimized|Win32
		{B86B49EE-B3F6-4079-A1A5-1A5B92DBEFD2}.Debug optimized|x64.ActiveCfg = Debug optimized|Win32
		{B86B49EE-B3F6-4079-A1A5-1A5B92DBEFD2}.Debug|Win32.ActiveCfg = Debug|Win32
		{B86B49EE-B3F6-4079-A1A5-1A5B92DBEFD2}.Debug|Win32.Build.0 = Debug|Win32
		{B86B49EE-B3F6-4079-A1A5-1A5B92DBEFD2}.Debug|x64.ActiveCfg = Debug|Win32
		{B86B49EE-B3F6-4079-A1A5-1A5B92DBEFD2}.dummy|Win32.ActiveCfg = Debug|Win32
		{B86B49EE-B3F6-4079-A1A5-1A5B92DBEFD2}.dummy|Win32.Build.0 = Debug|Win32
		{B86B49EE-B3F6-4079-A1A5-1A5B92DBEFD2}.dummy|x64.ActiveCfg = Debug optimized|Win32
		{B86B49EE-B3F6-4079-A1A5-1A5B92DBEFD2}.Release NASM|Win32.ActiveCfg = Release|Win32
		{B86B49EE-B3F6-4079-A1A5-1A5B92DBEFD2}.Release NASM|Win32.Build.0 = Release|Win32
		{B86B49EE-B3F6-4079-A1A5-1A5B92DBEFD2}.Release NASM|x64.ActiveCfg = Release|Win32
		{B86B49EE-B3F6-4079-A1A5-1A5B92DBEFD2}.Release|Win32.ActiveCfg = Release|Win32
		{B86B49EE-B3F6-4079-A1A5-1A5B92DBEFD2}.Release|Win32.Build.0 = Release|Win32
		{B86B49EE-B3F6-4079-A1A5-1A5B92DBEFD2}.Release|x64.ActiveCfg = Release|Win32
		{779D0463-725B-48D9-994E-435AD8EF8F69}.Debug GTK|Win32.ActiveCfg = Debug optimized|Win32
		{779D0463-725B-48D9-994E-435AD8EF8F69}.Debug GTK|Win32.Build.0 = Debug optimized|Win32
		{779D0463-725B-48D9-994E-435AD8EF8F69}.Debug GTK|x64.ActiveCfg = Debug optimized|Win32
		{779D0463-725B-48D9-994E-435AD8EF8F69}.Debug optimized|Win32.ActiveCfg = Debug optimized|Win32
		{779D0463-725B-48D9-994E-435AD8EF8F69}.Debug optimized|Win32.Build.0 = Debug optimized|Win32
		{779D0463-725B-48D9-994E-435AD8EF8F69}.Debug optimized|x64.ActiveCfg = Debug optimized|Win32
		{779D0463-725B-48D9-994E-435AD8EF8F69}.Debug|Win32.ActiveCfg = Debug|Win32
		{779D0463-725B-48D9-994E-435AD8EF8F69}.Debug|Win32.Build.0 = Debug|Win32
		{779D0463-725B-48D9-994E-435AD8EF8F69}.Debug|x64.ActiveCfg = Debug|Win32
		{779D0463-725B-48D9-994E-435AD8EF8F69}.dummy|Win32.ActiveCfg = Debug|Win32
		{779D0463-725B-48D9-994E-435AD8EF8F69}.dummy|Win32.Build.0 = Debug|Win32
		{779D0463-725B-48D9-994E-435AD8EF8F69}.dummy|x64.ActiveCfg = Debug optimized|Win32
		{779D0463-725B-48D9-994E-435AD8EF8F69}.Release NASM|Win32.ActiveCfg = Release MT|Win32
		{779D0463-725B-48D9-994E-435AD8EF8F69}.Release NASM|Win32.Build.0 = Release MT|Win32
		{779D0463-725B-48D9-994E-435AD8EF8F69}.Release NASM|x64.ActiveCfg = Release MT|Win32
		{779D0463-725B-48D9-994E-435AD8EF8F69}.Release|Win32.ActiveCfg = Release|Win32
		{779D0463-725B-48D9-994E-435AD8EF8F69}.Release|Win32.Build.0 = Release|Win32
		{779D0463-725B-48D9-994E-435AD8EF8F69}.Release|x64.ActiveCfg = Release|Win32
		{A0B3E642-1A71-479E-8891-B3498C2B72D6}.Debug GTK|Win32.ActiveCfg = Debug|Win32
		{A0B3E642-1A71-479E-8891-B3498C2B72D6}.Debug GTK|Win32.Build.0 = Debug|Win32
		{A0B3E642-1A71-479E-8891-B3498C2B72D6}.Debug GTK|x64.ActiveCfg = Debug|Win32
		{A0B3E642-1A71-479E-8891-B3498C2B72D6}.Debug optimized|Win32.ActiveCfg = Debug|Win32
		{A0B3E642-1A71-479E-8891-B3498C2B72D6}.Debug optimized|Win32.Build.0 = Debug|Win32
		{A0B3E642-1A71-479E-8891-B3498C2B72D6}.Debug optimized|x64.ActiveCfg = Debug|Win32
		{A0B3E642-1A71-479E-8891-B3498C2B72D6}.Debug|Win32.ActiveCfg = Debug|Win32
		{A0B3E642-1A71-479E-8891-B3498C2B72D6}.Debug|Win32.Build.0 = Debug|Win32
		{A0B3E642-1A71-479E-8891-B3498C2B72D6}.Debug|x64.ActiveCfg = Debug|Win32
		{A0B3E642-1A71-479E-8891-B3498C2B72D6}.dummy|Win32.ActiveCfg = Debug|Win32
		{A0B3E642-1A71-479E-8891-B3498C2B72D6}.dummy|Win32.Build.0 = Debug|Win32
		{A0B3E642-1A71-479E-8891-B3498C2B72D6}.dummy|x64.ActiveCfg = Debug|Win32
		{A0B3E642-1A71-479E-8891-B3498C2B72D6}.Release NASM|Win32.ActiveCfg = Release|Win32
		{A0B3E642-1A71-479E-8891-B3498C2B72D6}.Release NASM|Win32.Build.0 = Release|Win32
		{A0B3E642-1A71-479E-8891-B3498C2B72D6}.Release NASM|x64.ActiveCfg = Release|Win32
		{A0B3E642-1A71-479E-8891-B3498C2B72D6}.Release|Win32.ActiveCfg = Release|Win32
		{A0B3E642-1A71-479E-8891-B3498C2B72D6}.Release|Win32.Build.0 = Release|Win32
		{A0B3E642-1A71-479E-8891-B3498C2B72D6}.Release|x64.ActiveCfg = Release|Win32
		{8810C8F3-E542-4C79-9AA4-7F800C019EA5}.Debug GTK|Win32.ActiveCfg = Debug optimized|Win32
		{8810C8F3-E542-4C79-9AA4-7F800C019EA5}.Debug GTK|Win32.Build.0 = Debug optimized|Win32
		{8810C8F3-E542-4C79-9AA4-7F800C019EA5}.Debug GTK|x64.ActiveCfg = Debug optimized|Win32
		{8810C8F3-E542-4C79-9AA4-7F800C019EA5}.Debug optimized|Win32.ActiveCfg = Debug optimized|Win32
		{8810C8F3-E542-4C79-9AA4-7F800C019EA5}.Debug optimized|Win32.Build.0 = Debug optimized|Win32
		{8810C8F3-E542-4C79-9AA4-7F800C019EA5}.Debug optimized|x64.ActiveCfg = Debug optimized|Win32
		{8810C8F3-E542-4C79-9AA4-7F800C019EA5}.Debug|Win32.ActiveCfg = Debug|Win32
		{8810C8F3-E542-4C79-9AA4-7F800C019EA5}.Debug|Win32.Build.0 = Debug|Win32
		{8810C8F3-E542-4C79-9AA4-7F800C019EA5}.Debug|x64.ActiveCfg = Debug|Win32
		{8810C8F3-E542-4C79-9AA4-7F800C019EA5}.dummy|Win32.ActiveCfg = Debug optimized|Win32
		{8810C8F3-E542-4C79-9AA4-7F800C019EA5}.dummy|Win32.Build.0 = Debug optimized|Win32
		{8810C8F3-E542-4C79-9AA4-7F800C019EA5}.dummy|x64.ActiveCfg = Debug optimized|Win32
		{8810C8F3-E542-4C79-9AA4-7F800C019EA5}.Release NASM|Win32.ActiveCfg = Release|Win32
		{8810C8F3-E542-4C79-9AA4-7F800C019EA5}.Release NASM|Win32.Build.0 = Release|Win32
		{8810C8F3-E542-4C79-9AA4-7F800C019EA5}.Release NASM|x64.ActiveCfg = Release|Win32
		{8810C8F3-E542-4C79-9AA4-7F800C019EA5}.Release|Win32.ActiveCfg = Release|Win32
		{8810C8F3-E542-4C79-9AA4-7F800C019EA5}.Release|Win32.Build.0 = Release|Win32
		{8810C8F3-E542-4C79-9AA4-7F800C019EA5}.Release|x64.ActiveCfg = Release|Win32
		{9AA05CB1-0288-424F-BD9D-3B36073FC00F}.Debug GTK|Win32.ActiveCfg = Debug|Win32
		{9AA05CB1-0288-424F-BD9D-3B36073FC00F}.Debug GTK|Win32.Build.0 = Debug|Win32
		{9AA05CB1-0288-424F-BD9D-3B36073FC00F}.Debug GTK|x64.ActiveCfg = Debug|Win32
		{9AA05CB1-0288-424F-BD9D-3B36073FC00F}.Debug optimized|Win32.ActiveCfg = Debug|Win32
		{9AA05CB1-0288-424F-BD9D-3B36073FC00F}.Debug optimized|Win32.Build.0 = Debug|Win32
		{9AA05CB1-0288-424F-BD9D-3B36073FC00F}.Debug optimized|x64.ActiveCfg = Debug|Win32
		{9AA05CB1-0288-424F-BD9D-3B36073FC00F}.Debug|Win32.ActiveCfg = Debug|Win32
		{9AA05CB1-0288-424F-BD9D-3B36073FC00F}.Debug|Win32.Build.0 = Debug|Win32
		{9AA05CB1-0288-424F-BD9D-3B36073FC00F}.Debug|x64.ActiveCfg = Debug|Win32
		{9AA05CB1-0288-424F-BD9D-3B36073FC00F}.dummy|Win32.ActiveCfg = Debug|Win32
		{9AA05CB1-0288-424F-BD9D-3B36073FC00F}.dummy|Win32.Build.0 = Debug|Win32
		{9AA05CB1-0288-424F-BD9D-3B36073FC00F}.dummy|x64.ActiveCfg = Debug|Win32
		{9AA05CB1-0288-424F-BD9D-3B36073FC00F}.Release NASM|Win32.ActiveCfg = Release|Win32
		{9AA05CB1-0288-424F-BD9D-3B36073FC00F}.Release NASM|Win32.Build.0 = Release|Win32
		{9AA05CB1-0288-424F-BD9D-3B36073FC00F}.Release NASM|x64.ActiveCfg = Release|Win32
		{9AA05CB1-0288-424F-BD9D-3B36073FC00F}.Release|Win32.ActiveCfg = Release|Win32
		{9AA05CB1-0288-424F-BD9D-3B36073FC00F}.Release|Win32.Build.0 = Release|Win32
		{9AA05CB1-0288-424F-BD9D-3B36073FC00F}.Release|x64.ActiveCfg = Release|Win32
		{4D750873-827F-45CF-84D2-C46966F0ADA2}.Debug GTK|Win32.ActiveCfg = Debug|Win32
		{4D750873-827F-45CF-84D2-C46966F0ADA2}.Debug GTK|Win32.Build.0 = Debug|Win32
		{4D750873-827F-45CF-84D2-C46966F0ADA2}.Debug GTK|x64.ActiveCfg = Debug|Win32
		{4D750873-827F-45CF-84D2-C46966F0ADA2}.Debug optimized|Win32.ActiveCfg = Debug|Win32
		{4D750873-827F-45CF-84D2-C46966F0ADA2}.Debug optimized|Win32.Build.0 = Debug|Win32
		{4D750873-827F-45CF-84D2-C46966F0ADA2}.Debug optimized|x64.ActiveCfg = Debug|Win32
		{4D750873-827F-45CF-84D2-C46966F0ADA2}.Debug|Win32.ActiveCfg = Debug|Win32
		{4D750873-827F-45CF-84D2-C46966F0ADA2}.Debug|Win32.Build.0 = Debug|Win32
		{4D750873-827F-45CF-84D2-C46966F0ADA2}.Debug|x64.ActiveCfg = Debug|Win32
		{4D750873-827F-45CF-84D2-C46966F0ADA2}.dummy|Win32.ActiveCfg = Debug|Win32
		{4D750873-827F-45CF-84D2-C46966F0ADA2}.dummy|Win32.Build.0 = Debug|Win32
		{4D750873-827F-45CF-84D2-C46966F0ADA2}.dummy|x64.ActiveCfg = Debug|Win32
		{4D750873-827F-45CF-84D2-C46966F0ADA2}.Release NASM|Win32.ActiveCfg = Release|Win32
		{4D750873-827F-45CF-84D2-C46966F0ADA2}.Release NASM|Win32.Build.0 = Release|Win32
		{4D750873-827F-45CF-84D2-C46966F0ADA2}.Release NASM|x64.ActiveCfg = Release|Win32
		{4D750873-827F-45CF-84D2-C46966F0ADA2}.Release|Win32.ActiveCfg = Release|Win32
		{4D750873-827F-45CF-84D2-C46966F0ADA2}.Release|Win32.Build.0 = Release|Win32
		{4D750873-827F-45CF-84D2-C46966F0ADA2}.Release|x64.ActiveCfg = Release|Win32
	EndGlobalSection
	GlobalSection(SolutionProperties) = preSolution
		HideSolutionNode = FALSE
	EndGlobalSection
	GlobalSection(DPCodeReviewSolutionGUID) = preSolution
		DPCodeReviewSolutionGUID = {00000000-0000-0000-0000-000000000000}
	EndGlobalSection
EndGlobal
