
Microsoft Visual Studio Solution File, Format Version 10.00
# Visual Studio 2008
Project("{8BC9CEB8-8B4A-11D0-8D11-00A0C91BC942}") = "murmur", "mumbleServer.vcproj", "{173CC743-48CA-421E-B16D-CE66531FDA80}"
EndProject
Global
	GlobalSection(SolutionConfigurationPlatforms) = preSolution
		Debug|Win32 = Debug|Win32
		Release|Win32 = Release|Win32
	EndGlobalSection
	GlobalSection(ProjectConfigurationPlatforms) = postSolution
		{173CC743-48CA-421E-B16D-CE66531FDA80}.Debug|Win32.ActiveCfg = Debug|Win32
		{173CC743-48CA-421E-B16D-CE66531FDA80}.Debug|Win32.Build.0 = Debug|Win32
		{173CC743-48CA-421E-B16D-CE66531FDA80}.Release|Win32.ActiveCfg = Release|Win32
		{173CC743-48CA-421E-B16D-CE66531FDA80}.Release|Win32.Build.0 = Release|Win32
	EndGlobalSection
	GlobalSection(SolutionProperties) = preSolution
		HideSolutionNode = FALSE
	EndGlobalSection
EndGlobal
