
Microsoft Visual Studio Solution File, Format Version 11.00
# Visual C++ Express 2010
Project("{8BC9CEB8-8B4A-11D0-8D11-00A0C91BC942}") = "kinect_plugin", "kinect_plugin\kinect_plugin.vcxproj", "{B6118176-6D87-4CA4-A00B-2EA0331AFAA6}"
EndProject
Global
	GlobalSection(SolutionConfigurationPlatforms) = preSolution
		Debug|Win32 = Debug|Win32
		Release|Win32 = Release|Win32
	EndGlobalSection
	GlobalSection(ProjectConfigurationPlatforms) = postSolution
		{B6118176-6D87-4CA4-A00B-2EA0331AFAA6}.Debug|Win32.ActiveCfg = Debug|Win32
		{B6118176-6D87-4CA4-A00B-2EA0331AFAA6}.Debug|Win32.Build.0 = Debug|Win32
		{B6118176-6D87-4CA4-A00B-2EA0331AFAA6}.Release|Win32.ActiveCfg = Release|Win32
		{B6118176-6D87-4CA4-A00B-2EA0331AFAA6}.Release|Win32.Build.0 = Release|Win32
	EndGlobalSection
	GlobalSection(SolutionProperties) = preSolution
		HideSolutionNode = FALSE
	EndGlobalSection
EndGlobal
