
Microsoft Visual Studio Solution File, Format Version 11.00
# Visual Studio 2010
Project("{8BC9CEB8-8B4A-11D0-8D11-00A0C91BC942}") = "cal3d_max_exporter_max7", "Cal3d_max_exporter_7.vcxproj", "{8B26748D-1520-4B9C-A4AC-5CCE5F19166C}"
EndProject
Project("{8BC9CEB8-8B4A-11D0-8D11-00A0C91BC942}") = "cal3d", "..\..\Cal3D_DX8\cal3d.vcxproj", "{2FFA41BB-F8C8-47F8-932C-90927EF96264}"
EndProject
Global
	GlobalSection(SolutionConfigurationPlatforms) = preSolution
		3DSMan|Win32 = 3DSMan|Win32
		Debug|Win32 = Debug|Win32
		Release_Max5|Win32 = Release_Max5|Win32
		Release|Win32 = Release|Win32
	EndGlobalSection
	GlobalSection(ProjectConfigurationPlatforms) = postSolution
		{8B26748D-1520-4B9C-A4AC-5CCE5F19166C}.3DSMan|Win32.ActiveCfg = Release|Win32
		{8B26748D-1520-4B9C-A4AC-5CCE5F19166C}.3DSMan|Win32.Build.0 = Release|Win32
		{8B26748D-1520-4B9C-A4AC-5CCE5F19166C}.Debug|Win32.ActiveCfg = Debug|Win32
		{8B26748D-1520-4B9C-A4AC-5CCE5F19166C}.Debug|Win32.Build.0 = Debug|Win32
		{8B26748D-1520-4B9C-A4AC-5CCE5F19166C}.Release_Max5|Win32.ActiveCfg = Release|Win32
		{8B26748D-1520-4B9C-A4AC-5CCE5F19166C}.Release_Max5|Win32.Build.0 = Release|Win32
		{8B26748D-1520-4B9C-A4AC-5CCE5F19166C}.Release|Win32.ActiveCfg = Release|Win32
		{8B26748D-1520-4B9C-A4AC-5CCE5F19166C}.Release|Win32.Build.0 = Release|Win32
		{2FFA41BB-F8C8-47F8-932C-90927EF96264}.3DSMan|Win32.ActiveCfg = 3DSMan|Win32
		{2FFA41BB-F8C8-47F8-932C-90927EF96264}.3DSMan|Win32.Build.0 = 3DSMan|Win32
		{2FFA41BB-F8C8-47F8-932C-90927EF96264}.Debug|Win32.ActiveCfg = Debug|Win32
		{2FFA41BB-F8C8-47F8-932C-90927EF96264}.Debug|Win32.Build.0 = Debug|Win32
		{2FFA41BB-F8C8-47F8-932C-90927EF96264}.Release_Max5|Win32.ActiveCfg = Release_Max5|Win32
		{2FFA41BB-F8C8-47F8-932C-90927EF96264}.Release_Max5|Win32.Build.0 = Release_Max5|Win32
		{2FFA41BB-F8C8-47F8-932C-90927EF96264}.Release|Win32.ActiveCfg = Release|Win32
		{2FFA41BB-F8C8-47F8-932C-90927EF96264}.Release|Win32.Build.0 = Release|Win32
	EndGlobalSection
	GlobalSection(SolutionProperties) = preSolution
		HideSolutionNode = FALSE
	EndGlobalSection
EndGlobal
