Microsoft Visual Studio Solution File, Format Version 8.00
Project("{8BC9CEB8-8B4A-11D0-8D11-00A0C91BC942}") = "Logger", "Logger.vcproj", "{B2A7219A-6B9B-4B04-8EF7-13357DD8AB4D}"
	ProjectSection(ProjectDependencies) = postProject
	EndProjectSection
EndProject
Global
	GlobalSection(SolutionConfiguration) = preSolution
		Debug = Debug
		Release = Release
	EndGlobalSection
	GlobalSection(ProjectConfiguration) = postSolution
		{B2A7219A-6B9B-4B04-8EF7-13357DD8AB4D}.Debug.ActiveCfg = Debug|Win32
		{B2A7219A-6B9B-4B04-8EF7-13357DD8AB4D}.Debug.Build.0 = Debug|Win32
		{B2A7219A-6B9B-4B04-8EF7-13357DD8AB4D}.Release.ActiveCfg = Release|Win32
		{B2A7219A-6B9B-4B04-8EF7-13357DD8AB4D}.Release.Build.0 = Release|Win32
	EndGlobalSection
	GlobalSection(ExtensibilityGlobals) = postSolution
	EndGlobalSection
	GlobalSection(ExtensibilityAddIns) = postSolution
	EndGlobalSection
EndGlobal
