
Microsoft Visual Studio Solution File, Format Version 10.00
# Visual C++ Express 2008
Project("{8BC9CEB8-8B4A-11D0-8D11-00A0C91BC942}") = "nengine", "nengine.vcproj", "{5C56F91A-D71E-41DE-9352-6C4488F904BF}"
EndProject
Project("{8BC9CEB8-8B4A-11D0-8D11-00A0C91BC942}") = "nanimation", "..\nanimation\nanimation.vcproj", "{C4CDDC63-C381-4D99-AD76-254B6EFD8183}"
EndProject
Project("{8BC9CEB8-8B4A-11D0-8D11-00A0C91BC942}") = "ncommon", "..\ncommon\ncommon.vcproj", "{A534F4A0-296E-4B26-8B20-158C9ABDAB3B}"
EndProject
Project("{8BC9CEB8-8B4A-11D0-8D11-00A0C91BC942}") = "ninfo", "..\ninfo\ninfo.vcproj", "{1CB86937-4207-4B20-8AF4-CF15323300DC}"
EndProject
Project("{8BC9CEB8-8B4A-11D0-8D11-00A0C91BC942}") = "nmath", "..\nmath\nmath.vcproj", "{2677F812-0416-48BE-9FD9-974FE09DDD6D}"
EndProject
Project("{8BC9CEB8-8B4A-11D0-8D11-00A0C91BC942}") = "nmodelloader", "..\nmodelloader\nmodelloader.vcproj", "{79143786-CA6E-4743-8608-145163E8F0E9}"
EndProject
Project("{8BC9CEB8-8B4A-11D0-8D11-00A0C91BC942}") = "nphysics", "..\nphysics\nphysics.vcproj", "{1A407F06-EB46-4051-9C4D-A3AA1E6F2B4A}"
EndProject
Project("{8BC9CEB8-8B4A-11D0-8D11-00A0C91BC942}") = "test_bmf", "..\test_bmf\test_bmf.vcproj", "{6EEB672A-EA16-48F6-900A-2BF5FA7293D8}"
EndProject
Project("{8BC9CEB8-8B4A-11D0-8D11-00A0C91BC942}") = "test_city", "..\test_city\test_city.vcproj", "{DD0E92F3-A868-4F6A-9820-F6EB42EF09A7}"
	ProjectSection(ProjectDependencies) = postProject
		{1A407F06-EB46-4051-9C4D-A3AA1E6F2B4A} = {1A407F06-EB46-4051-9C4D-A3AA1E6F2B4A}
		{2677F812-0416-48BE-9FD9-974FE09DDD6D} = {2677F812-0416-48BE-9FD9-974FE09DDD6D}
		{5C56F91A-D71E-41DE-9352-6C4488F904BF} = {5C56F91A-D71E-41DE-9352-6C4488F904BF}
		{1CB86937-4207-4B20-8AF4-CF15323300DC} = {1CB86937-4207-4B20-8AF4-CF15323300DC}
		{C4CDDC63-C381-4D99-AD76-254B6EFD8183} = {C4CDDC63-C381-4D99-AD76-254B6EFD8183}
		{79143786-CA6E-4743-8608-145163E8F0E9} = {79143786-CA6E-4743-8608-145163E8F0E9}
		{A534F4A0-296E-4B26-8B20-158C9ABDAB3B} = {A534F4A0-296E-4B26-8B20-158C9ABDAB3B}
	EndProjectSection
EndProject
Global
	GlobalSection(SolutionConfigurationPlatforms) = preSolution
		Debug QP|Win32 = Debug QP|Win32
		Debug|Win32 = Debug|Win32
		Release QP|Win32 = Release QP|Win32
		Release|Win32 = Release|Win32
	EndGlobalSection
	GlobalSection(ProjectConfigurationPlatforms) = postSolution
		{5C56F91A-D71E-41DE-9352-6C4488F904BF}.Debug QP|Win32.ActiveCfg = Debug QP|Win32
		{5C56F91A-D71E-41DE-9352-6C4488F904BF}.Debug QP|Win32.Build.0 = Debug QP|Win32
		{5C56F91A-D71E-41DE-9352-6C4488F904BF}.Debug|Win32.ActiveCfg = Debug|Win32
		{5C56F91A-D71E-41DE-9352-6C4488F904BF}.Debug|Win32.Build.0 = Debug|Win32
		{5C56F91A-D71E-41DE-9352-6C4488F904BF}.Release QP|Win32.ActiveCfg = Release QP|Win32
		{5C56F91A-D71E-41DE-9352-6C4488F904BF}.Release QP|Win32.Build.0 = Release QP|Win32
		{5C56F91A-D71E-41DE-9352-6C4488F904BF}.Release|Win32.ActiveCfg = Release|Win32
		{5C56F91A-D71E-41DE-9352-6C4488F904BF}.Release|Win32.Build.0 = Release|Win32
		{C4CDDC63-C381-4D99-AD76-254B6EFD8183}.Debug QP|Win32.ActiveCfg = Debug|Win32
		{C4CDDC63-C381-4D99-AD76-254B6EFD8183}.Debug QP|Win32.Build.0 = Debug|Win32
		{C4CDDC63-C381-4D99-AD76-254B6EFD8183}.Debug|Win32.ActiveCfg = Debug|Win32
		{C4CDDC63-C381-4D99-AD76-254B6EFD8183}.Debug|Win32.Build.0 = Debug|Win32
		{C4CDDC63-C381-4D99-AD76-254B6EFD8183}.Release QP|Win32.ActiveCfg = Release|Win32
		{C4CDDC63-C381-4D99-AD76-254B6EFD8183}.Release QP|Win32.Build.0 = Release|Win32
		{C4CDDC63-C381-4D99-AD76-254B6EFD8183}.Release|Win32.ActiveCfg = Release|Win32
		{C4CDDC63-C381-4D99-AD76-254B6EFD8183}.Release|Win32.Build.0 = Release|Win32
		{A534F4A0-296E-4B26-8B20-158C9ABDAB3B}.Debug QP|Win32.ActiveCfg = Debug QP|Win32
		{A534F4A0-296E-4B26-8B20-158C9ABDAB3B}.Debug QP|Win32.Build.0 = Debug QP|Win32
		{A534F4A0-296E-4B26-8B20-158C9ABDAB3B}.Debug|Win32.ActiveCfg = Debug|Win32
		{A534F4A0-296E-4B26-8B20-158C9ABDAB3B}.Debug|Win32.Build.0 = Debug|Win32
		{A534F4A0-296E-4B26-8B20-158C9ABDAB3B}.Release QP|Win32.ActiveCfg = Release QP|Win32
		{A534F4A0-296E-4B26-8B20-158C9ABDAB3B}.Release QP|Win32.Build.0 = Release QP|Win32
		{A534F4A0-296E-4B26-8B20-158C9ABDAB3B}.Release|Win32.ActiveCfg = Release|Win32
		{A534F4A0-296E-4B26-8B20-158C9ABDAB3B}.Release|Win32.Build.0 = Release|Win32
		{1CB86937-4207-4B20-8AF4-CF15323300DC}.Debug QP|Win32.ActiveCfg = Debug|Win32
		{1CB86937-4207-4B20-8AF4-CF15323300DC}.Debug QP|Win32.Build.0 = Debug|Win32
		{1CB86937-4207-4B20-8AF4-CF15323300DC}.Debug|Win32.ActiveCfg = Debug|Win32
		{1CB86937-4207-4B20-8AF4-CF15323300DC}.Debug|Win32.Build.0 = Debug|Win32
		{1CB86937-4207-4B20-8AF4-CF15323300DC}.Release QP|Win32.ActiveCfg = Release|Win32
		{1CB86937-4207-4B20-8AF4-CF15323300DC}.Release QP|Win32.Build.0 = Release|Win32
		{1CB86937-4207-4B20-8AF4-CF15323300DC}.Release|Win32.ActiveCfg = Release|Win32
		{1CB86937-4207-4B20-8AF4-CF15323300DC}.Release|Win32.Build.0 = Release|Win32
		{2677F812-0416-48BE-9FD9-974FE09DDD6D}.Debug QP|Win32.ActiveCfg = Debug QP|Win32
		{2677F812-0416-48BE-9FD9-974FE09DDD6D}.Debug QP|Win32.Build.0 = Debug QP|Win32
		{2677F812-0416-48BE-9FD9-974FE09DDD6D}.Debug|Win32.ActiveCfg = Debug|Win32
		{2677F812-0416-48BE-9FD9-974FE09DDD6D}.Debug|Win32.Build.0 = Debug|Win32
		{2677F812-0416-48BE-9FD9-974FE09DDD6D}.Release QP|Win32.ActiveCfg = Release QP|Win32
		{2677F812-0416-48BE-9FD9-974FE09DDD6D}.Release QP|Win32.Build.0 = Release QP|Win32
		{2677F812-0416-48BE-9FD9-974FE09DDD6D}.Release|Win32.ActiveCfg = Release|Win32
		{2677F812-0416-48BE-9FD9-974FE09DDD6D}.Release|Win32.Build.0 = Release|Win32
		{79143786-CA6E-4743-8608-145163E8F0E9}.Debug QP|Win32.ActiveCfg = Debug|Win32
		{79143786-CA6E-4743-8608-145163E8F0E9}.Debug QP|Win32.Build.0 = Debug|Win32
		{79143786-CA6E-4743-8608-145163E8F0E9}.Debug|Win32.ActiveCfg = Debug|Win32
		{79143786-CA6E-4743-8608-145163E8F0E9}.Debug|Win32.Build.0 = Debug|Win32
		{79143786-CA6E-4743-8608-145163E8F0E9}.Release QP|Win32.ActiveCfg = Release|Win32
		{79143786-CA6E-4743-8608-145163E8F0E9}.Release QP|Win32.Build.0 = Release|Win32
		{79143786-CA6E-4743-8608-145163E8F0E9}.Release|Win32.ActiveCfg = Release|Win32
		{79143786-CA6E-4743-8608-145163E8F0E9}.Release|Win32.Build.0 = Release|Win32
		{1A407F06-EB46-4051-9C4D-A3AA1E6F2B4A}.Debug QP|Win32.ActiveCfg = Debug|Win32
		{1A407F06-EB46-4051-9C4D-A3AA1E6F2B4A}.Debug QP|Win32.Build.0 = Debug|Win32
		{1A407F06-EB46-4051-9C4D-A3AA1E6F2B4A}.Debug|Win32.ActiveCfg = Debug|Win32
		{1A407F06-EB46-4051-9C4D-A3AA1E6F2B4A}.Debug|Win32.Build.0 = Debug|Win32
		{1A407F06-EB46-4051-9C4D-A3AA1E6F2B4A}.Release QP|Win32.ActiveCfg = Release|Win32
		{1A407F06-EB46-4051-9C4D-A3AA1E6F2B4A}.Release QP|Win32.Build.0 = Release|Win32
		{1A407F06-EB46-4051-9C4D-A3AA1E6F2B4A}.Release|Win32.ActiveCfg = Release|Win32
		{1A407F06-EB46-4051-9C4D-A3AA1E6F2B4A}.Release|Win32.Build.0 = Release|Win32
		{6EEB672A-EA16-48F6-900A-2BF5FA7293D8}.Debug QP|Win32.ActiveCfg = Debug|Win32
		{6EEB672A-EA16-48F6-900A-2BF5FA7293D8}.Debug QP|Win32.Build.0 = Debug|Win32
		{6EEB672A-EA16-48F6-900A-2BF5FA7293D8}.Debug|Win32.ActiveCfg = Debug|Win32
		{6EEB672A-EA16-48F6-900A-2BF5FA7293D8}.Debug|Win32.Build.0 = Debug|Win32
		{6EEB672A-EA16-48F6-900A-2BF5FA7293D8}.Release QP|Win32.ActiveCfg = Release|Win32
		{6EEB672A-EA16-48F6-900A-2BF5FA7293D8}.Release QP|Win32.Build.0 = Release|Win32
		{6EEB672A-EA16-48F6-900A-2BF5FA7293D8}.Release|Win32.ActiveCfg = Release|Win32
		{6EEB672A-EA16-48F6-900A-2BF5FA7293D8}.Release|Win32.Build.0 = Release|Win32
		{DD0E92F3-A868-4F6A-9820-F6EB42EF09A7}.Debug QP|Win32.ActiveCfg = Debug|Win32
		{DD0E92F3-A868-4F6A-9820-F6EB42EF09A7}.Debug QP|Win32.Build.0 = Debug|Win32
		{DD0E92F3-A868-4F6A-9820-F6EB42EF09A7}.Debug|Win32.ActiveCfg = Debug|Win32
		{DD0E92F3-A868-4F6A-9820-F6EB42EF09A7}.Debug|Win32.Build.0 = Debug|Win32
		{DD0E92F3-A868-4F6A-9820-F6EB42EF09A7}.Release QP|Win32.ActiveCfg = Release|Win32
		{DD0E92F3-A868-4F6A-9820-F6EB42EF09A7}.Release QP|Win32.Build.0 = Release|Win32
		{DD0E92F3-A868-4F6A-9820-F6EB42EF09A7}.Release|Win32.ActiveCfg = Release|Win32
		{DD0E92F3-A868-4F6A-9820-F6EB42EF09A7}.Release|Win32.Build.0 = Release|Win32
	EndGlobalSection
	GlobalSection(SolutionProperties) = preSolution
		HideSolutionNode = FALSE
	EndGlobalSection
EndGlobal
