
Microsoft Visual Studio Solution File, Format Version 10.00
# Visual Studio 2008
Project("{8BC9CEB8-8B4A-11D0-8D11-00A0C91BC942}") = "VCSettings_2008", "VCSettings_2008.vcproj", "{0C6B6AE3-8D7F-4D62-90D2-2E956B92CEDA}"
EndProject
Global
	GlobalSection(SolutionConfigurationPlatforms) = preSolution
		Debug|Win32 = Debug|Win32
		Release|Win32 = Release|Win32
	EndGlobalSection
	GlobalSection(ProjectConfigurationPlatforms) = postSolution
		{0C6B6AE3-8D7F-4D62-90D2-2E956B92CEDA}.Debug|Win32.ActiveCfg = Debug|Win32
		{0C6B6AE3-8D7F-4D62-90D2-2E956B92CEDA}.Debug|Win32.Build.0 = Debug|Win32
		{0C6B6AE3-8D7F-4D62-90D2-2E956B92CEDA}.Release|Win32.ActiveCfg = Release|Win32
		{0C6B6AE3-8D7F-4D62-90D2-2E956B92CEDA}.Release|Win32.Build.0 = Release|Win32
	EndGlobalSection
	GlobalSection(SolutionProperties) = preSolution
		HideSolutionNode = FALSE
	EndGlobalSection
EndGlobal
